<?xml version="1.0" encoding="utf-8"?>
<Project ToolsVersion="4.0" xmlns="http://schemas.microsoft.com/developer/msbuild/2003">
  <ItemGroup>
    <Filter Include="Source Files">
      <UniqueIdentifier>{628d69b1-cf0e-42b3-b061-621d7c6e7326}</UniqueIdentifier>
      <Extensions>cpp;c;cxx;def;odl;idl;hpj;bat;asm</Extensions>
    </Filter>
    <Filter Include="Header Files">
      <UniqueIdentifier>{833ece1c-6156-4e52-97f3-bfa8592fedbf}</UniqueIdentifier>
      <Extensions>h;hpp;hxx;hm;inl;inc</Extensions>
    </Filter>
    <Filter Include="Resource Files">
      <UniqueIdentifier>{af60fdef-dd80-4b7d-8e27-bf876539e5a1}</UniqueIdentifier>
      <Extensions>rc;ico;cur;bmp;dlg;rc2;rct;bin;rgs;gif;jpg;jpeg;jpe</Extensions>
    </Filter>
  </ItemGroup>
  <ItemGroup>
    <ClCompile Include="AFLib.cpp">
      <Filter>Source Files</Filter>
    </ClCompile>
    <ClCompile Include="AFListDrawData.cpp">
      <Filter>Source Files</Filter>
    </ClCompile>
    <ClCompile Include="AppAF.cpp">
      <Filter>Source Files</Filter>
    </ClCompile>
    <ClCompile Include="Arrays.cpp">
      <Filter>Source Files</Filter>
    </ClCompile>
    <ClCompile Include="BitMask.cpp">
      <Filter>Source Files</Filter>
    </ClCompile>
    <ClCompile Include="BlockMBCounter.cpp">
      <Filter>Source Files</Filter>
    </ClCompile>
    <ClCompile Include="BtnImg.cpp">
      <Filter>Source Files</Filter>
    </ClCompile>
    <ClCompile Include="BtnOwner.cpp">
      <Filter>Source Files</Filter>
    </ClCompile>
    <ClCompile Include="BtnTxt.cpp">
      <Filter>Source Files</Filter>
    </ClCompile>
    <ClCompile Include="CalcData.cpp">
      <Filter>Source Files</Filter>
    </ClCompile>
    <ClCompile Include="CalcDataArray.cpp">
      <Filter>Source Files</Filter>
    </ClCompile>
    <ClCompile Include="CalcDataBool.cpp">
      <Filter>Source Files</Filter>
    </ClCompile>
    <ClCompile Include="CalcDataFloat.cpp">
      <Filter>Source Files</Filter>
    </ClCompile>
    <ClCompile Include="CalcDataInt.cpp">
      <Filter>Source Files</Filter>
    </ClCompile>
    <ClCompile Include="CalcDataString.cpp">
      <Filter>Source Files</Filter>
    </ClCompile>
    <ClCompile Include="CalcGlobal.cpp">
      <Filter>Source Files</Filter>
    </ClCompile>
    <ClCompile Include="CalcStack.cpp">
      <Filter>Source Files</Filter>
    </ClCompile>
    <ClCompile Include="Calculator.cpp">
      <Filter>Source Files</Filter>
    </ClCompile>
    <ClCompile Include="CartesianPoint.cpp">
      <Filter>Source Files</Filter>
    </ClCompile>
    <ClCompile Include="CbdDataUnit.cpp">
      <Filter>Source Files</Filter>
    </ClCompile>
    <ClCompile Include="CbiDataUnit.cpp">
      <Filter>Source Files</Filter>
    </ClCompile>
    <ClCompile Include="CbsDataUnit.cpp">
      <Filter>Source Files</Filter>
    </ClCompile>
    <ClCompile Include="ChkDataUnit.cpp">
      <Filter>Source Files</Filter>
    </ClCompile>
    <ClCompile Include="ClusterSet.cpp">
      <Filter>Source Files</Filter>
    </ClCompile>
    <ClCompile Include="CmbFont.cpp">
      <Filter>Source Files</Filter>
    </ClCompile>
    <ClCompile Include="CmbOwner.cpp">
      <Filter>Source Files</Filter>
    </ClCompile>
    <ClCompile Include="Column.cpp">
      <Filter>Source Files</Filter>
    </ClCompile>
    <ClCompile Include="Column2.cpp">
      <Filter>Source Files</Filter>
    </ClCompile>
    <ClCompile Include="Compiler.cpp">
      <Filter>Source Files</Filter>
    </ClCompile>
    <ClCompile Include="CompilerMagic.cpp">
      <Filter>Source Files</Filter>
    </ClCompile>
    <ClCompile Include="ConcatHandler.cpp">
      <Filter>Source Files</Filter>
    </ClCompile>
    <ClCompile Include="CursorSet.cpp">
      <Filter>Source Files</Filter>
    </ClCompile>
    <ClCompile Include="DatabaseAF.cpp">
      <Filter>Source Files</Filter>
    </ClCompile>
    <ClCompile Include="DatabasePool.cpp">
      <Filter>Source Files</Filter>
    </ClCompile>
    <ClCompile Include="DataMass.cpp">
      <Filter>Source Files</Filter>
    </ClCompile>
    <ClCompile Include="DataUnit.cpp">
      <Filter>Source Files</Filter>
    </ClCompile>
    <ClCompile Include="DBField.cpp">
      <Filter>Source Files</Filter>
    </ClCompile>
    <ClCompile Include="DBGlobal.cpp">
      <Filter>Source Files</Filter>
    </ClCompile>
    <ClCompile Include="DblDataUnit.cpp">
      <Filter>Source Files</Filter>
    </ClCompile>
    <ClCompile Include="DCStateSaver.cpp">
      <Filter>Source Files</Filter>
    </ClCompile>
    <ClCompile Include="DDataUnit.cpp">
      <Filter>Source Files</Filter>
    </ClCompile>
    <ClCompile Include="DDX.cpp">
      <Filter>Source Files</Filter>
    </ClCompile>
    <ClCompile Include="DirDataUnit.cpp">
      <Filter>Source Files</Filter>
    </ClCompile>
    <ClCompile Include="Ditem.cpp">
      <Filter>Source Files</Filter>
    </ClCompile>
    <ClCompile Include="DitemArray.cpp">
      <Filter>Source Files</Filter>
    </ClCompile>
    <ClCompile Include="Dlg.cpp">
      <Filter>Source Files</Filter>
    </ClCompile>
    <ClCompile Include="DlgConfirm.cpp">
      <Filter>Source Files</Filter>
    </ClCompile>
    <ClCompile Include="DlgDitemDetails.cpp">
      <Filter>Source Files</Filter>
    </ClCompile>
    <ClCompile Include="DlgListHelper.cpp">
      <Filter>Source Files</Filter>
    </ClCompile>
    <ClCompile Include="DlgLog.cpp">
      <Filter>Source Files</Filter>
    </ClCompile>
    <ClCompile Include="DlgPrint.cpp">
      <Filter>Source Files</Filter>
    </ClCompile>
    <ClCompile Include="DlgRun.cpp">
      <Filter>Source Files</Filter>
    </ClCompile>
    <ClCompile Include="DlgSDSupport.cpp">
      <Filter>Source Files</Filter>
    </ClCompile>
    <ClCompile Include="DlgSelfDestruct.cpp">
      <Filter>Source Files</Filter>
    </ClCompile>
    <ClCompile Include="DlgTT.cpp">
      <Filter>Source Files</Filter>
    </ClCompile>
    <ClCompile Include="DocAF.cpp">
      <Filter>Source Files</Filter>
    </ClCompile>
    <ClCompile Include="DragField.cpp">
      <Filter>Source Files</Filter>
    </ClCompile>
    <ClCompile Include="EditCode.cpp">
      <Filter>Source Files</Filter>
    </ClCompile>
    <ClCompile Include="EditLog.cpp">
      <Filter>Source Files</Filter>
    </ClCompile>
    <ClCompile Include="ExcBreak.cpp">
      <Filter>Source Files</Filter>
    </ClCompile>
    <ClCompile Include="ExcMessage.cpp">
      <Filter>Source Files</Filter>
    </ClCompile>
    <ClCompile Include="ExcMsgBox.cpp">
      <Filter>Source Files</Filter>
    </ClCompile>
    <ClCompile Include="FileKiller.cpp">
      <Filter>Source Files</Filter>
    </ClCompile>
    <ClCompile Include="FileParser.cpp">
      <Filter>Source Files</Filter>
    </ClCompile>
    <ClCompile Include="FileParserAbstract.cpp">
      <Filter>Source Files</Filter>
    </ClCompile>
    <ClCompile Include="FileTemp.cpp">
      <Filter>Source Files</Filter>
    </ClCompile>
    <ClCompile Include="FontDescriptor.cpp">
      <Filter>Source Files</Filter>
    </ClCompile>
    <ClCompile Include="FrmAF.cpp">
      <Filter>Source Files</Filter>
    </ClCompile>
    <ClCompile Include="FuncManager.cpp">
      <Filter>Source Files</Filter>
    </ClCompile>
    <ClCompile Include="FuncPrototype.cpp">
      <Filter>Source Files</Filter>
    </ClCompile>
    <ClCompile Include="Global.cpp">
      <Filter>Source Files</Filter>
    </ClCompile>
    <ClCompile Include="GuiGlobal.cpp">
      <Filter>Source Files</Filter>
    </ClCompile>
    <ClCompile Include="IDataUnit.cpp">
      <Filter>Source Files</Filter>
    </ClCompile>
    <ClCompile Include="IDManager.cpp">
      <Filter>Source Files</Filter>
    </ClCompile>
    <ClCompile Include="ImageAF.cpp">
      <Filter>Source Files</Filter>
    </ClCompile>
    <ClCompile Include="IntDataUnit.cpp">
      <Filter>Source Files</Filter>
    </ClCompile>
    <ClCompile Include="IntervalSet.cpp">
      <Filter>Source Files</Filter>
    </ClCompile>
    <ClCompile Include="IOGlobal.cpp">
      <Filter>Source Files</Filter>
    </ClCompile>
    <ClCompile Include="LCBDraw.cpp">
      <Filter>Source Files</Filter>
    </ClCompile>
    <ClCompile Include="LexAlanalyzerCCode.cpp">
      <Filter>Source Files</Filter>
    </ClCompile>
    <ClCompile Include="LexAlanalyzerCExpr.cpp">
      <Filter>Source Files</Filter>
    </ClCompile>
    <ClCompile Include="LexAnalyzer.cpp">
      <Filter>Source Files</Filter>
    </ClCompile>
    <ClCompile Include="LexParser.cpp">
      <Filter>Source Files</Filter>
    </ClCompile>
    <ClCompile Include="LibBcp.cpp">
      <Filter>Source Files</Filter>
    </ClCompile>
    <ClCompile Include="LibEnum.cpp">
      <Filter>Source Files</Filter>
    </ClCompile>
    <ClCompile Include="Log.cpp">
      <Filter>Source Files</Filter>
    </ClCompile>
    <ClCompile Include="LstDitem.cpp">
      <Filter>Source Files</Filter>
    </ClCompile>
    <ClCompile Include="LstDragCompanion.cpp">
      <Filter>Source Files</Filter>
    </ClCompile>
    <ClCompile Include="LstMask.cpp">
      <Filter>Source Files</Filter>
    </ClCompile>
    <ClCompile Include="LstOwner.cpp">
      <Filter>Source Files</Filter>
    </ClCompile>
    <ClCompile Include="Margin.cpp">
      <Filter>Source Files</Filter>
    </ClCompile>
    <ClCompile Include="Matrix.cpp">
      <Filter>Source Files</Filter>
    </ClCompile>
    <ClCompile Include="MemoryBulk.cpp">
      <Filter>Source Files</Filter>
    </ClCompile>
    <ClCompile Include="MenuBitmapper.cpp">
      <Filter>Source Files</Filter>
    </ClCompile>
    <ClCompile Include="MenuItemInfo.cpp">
      <Filter>Source Files</Filter>
    </ClCompile>
    <ClCompile Include="MetFileDCAF.cpp">
      <Filter>Source Files</Filter>
    </ClCompile>
    <ClCompile Include="ModalCounter.cpp">
      <Filter>Source Files</Filter>
    </ClCompile>
    <ClCompile Include="MskDataUnit.cpp">
      <Filter>Source Files</Filter>
    </ClCompile>
    <ClCompile Include="PrcDataUnit.cpp">
      <Filter>Source Files</Filter>
    </ClCompile>
    <ClCompile Include="PreviewViewAF.cpp">
      <Filter>Source Files</Filter>
    </ClCompile>
    <ClCompile Include="PrintGlobal.cpp">
      <Filter>Source Files</Filter>
    </ClCompile>
    <ClCompile Include="ProFont.cpp">
      <Filter>Source Files</Filter>
    </ClCompile>
    <ClCompile Include="ProTT.cpp">
      <Filter>Source Files</Filter>
    </ClCompile>
    <ClCompile Include="QuaDataUnit.cpp">
      <Filter>Source Files</Filter>
    </ClCompile>
    <ClCompile Include="Quantity.cpp">
      <Filter>Source Files</Filter>
    </ClCompile>
    <ClCompile Include="RadDataUnit.cpp">
      <Filter>Source Files</Filter>
    </ClCompile>
    <ClCompile Include="Random.cpp">
      <Filter>Source Files</Filter>
    </ClCompile>
    <ClCompile Include="RecordsetAF.cpp">
      <Filter>Source Files</Filter>
    </ClCompile>
    <ClCompile Include="RecordsetDef.cpp">
      <Filter>Source Files</Filter>
    </ClCompile>
    <ClCompile Include="RecordsetParam.cpp">
      <Filter>Source Files</Filter>
    </ClCompile>
    <ClCompile Include="Registry.cpp">
      <Filter>Source Files</Filter>
    </ClCompile>
    <ClCompile Include="RichEditCtrlW.cpp">
      <Filter>Source Files</Filter>
    </ClCompile>
    <ClCompile Include="Row.cpp">
      <Filter>Source Files</Filter>
    </ClCompile>
    <ClCompile Include="RowNC.cpp">
      <Filter>Source Files</Filter>
    </ClCompile>
    <ClCompile Include="SDataUnit.cpp">
      <Filter>Source Files</Filter>
    </ClCompile>
    <ClCompile Include="Security.cpp">
      <Filter>Source Files</Filter>
    </ClCompile>
    <ClCompile Include="SemaLock.cpp">
      <Filter>Source Files</Filter>
    </ClCompile>
    <ClCompile Include="SemaphoreAF.cpp">
      <Filter>Source Files</Filter>
    </ClCompile>
    <ClCompile Include="SimpleType.cpp">
      <Filter>Source Files</Filter>
    </ClCompile>
    <ClCompile Include="SpinInfinity.cpp">
      <Filter>Source Files</Filter>
    </ClCompile>
    <ClCompile Include="SpnDataUnit.cpp">
      <Filter>Source Files</Filter>
    </ClCompile>
    <ClCompile Include="SpnInfDataUnit.cpp">
      <Filter>Source Files</Filter>
    </ClCompile>
    <ClCompile Include="SpnPrcDataUnit.cpp">
      <Filter>Source Files</Filter>
    </ClCompile>
    <ClCompile Include="SQLStatement.cpp">
      <Filter>Source Files</Filter>
    </ClCompile>
    <ClCompile Include="StdAfx.cpp">
      <Filter>Source Files</Filter>
    </ClCompile>
    <ClCompile Include="Storage.cpp">
      <Filter>Source Files</Filter>
    </ClCompile>
    <ClCompile Include="StrDataUnit.cpp">
      <Filter>Source Files</Filter>
    </ClCompile>
    <ClCompile Include="StringBufferGeneric.cpp">
      <Filter>Source Files</Filter>
    </ClCompile>
    <ClCompile Include="StringParser.cpp">
      <Filter>Source Files</Filter>
    </ClCompile>
    <ClCompile Include="StringParserAbstract.cpp">
      <Filter>Source Files</Filter>
    </ClCompile>
    <ClCompile Include="StringParserGeneral.cpp">
      <Filter>Source Files</Filter>
    </ClCompile>
    <ClCompile Include="Strings.cpp">
      <Filter>Source Files</Filter>
    </ClCompile>
    <ClCompile Include="StringSpacer.cpp">
      <Filter>Source Files</Filter>
    </ClCompile>
    <ClCompile Include="StringTokenizer.cpp">
      <Filter>Source Files</Filter>
    </ClCompile>
    <ClCompile Include="StringTokenizerAbstract.cpp">
      <Filter>Source Files</Filter>
    </ClCompile>
    <ClCompile Include="StringTokenizerAlt.cpp">
      <Filter>Source Files</Filter>
    </ClCompile>
    <ClCompile Include="StringTokenizerStr.cpp">
      <Filter>Source Files</Filter>
    </ClCompile>
    <ClCompile Include="StringTokenizerText.cpp">
      <Filter>Source Files</Filter>
    </ClCompile>
    <ClCompile Include="StringWriter.cpp">
      <Filter>Source Files</Filter>
    </ClCompile>
    <ClCompile Include="SuperText.cpp">
      <Filter>Source Files</Filter>
    </ClCompile>
    <ClCompile Include="SuperText2.cpp">
      <Filter>Source Files</Filter>
    </ClCompile>
    <ClCompile Include="SuperText3.cpp">
      <Filter>Source Files</Filter>
    </ClCompile>
    <ClCompile Include="TextParser.cpp">
      <Filter>Source Files</Filter>
    </ClCompile>
    <ClCompile Include="Thread.cpp">
      <Filter>Source Files</Filter>
    </ClCompile>
    <ClCompile Include="TreeDitem.cpp">
      <Filter>Source Files</Filter>
    </ClCompile>
    <ClCompile Include="TreeOwner.cpp">
      <Filter>Source Files</Filter>
    </ClCompile>
    <ClCompile Include="Undo.cpp">
      <Filter>Source Files</Filter>
    </ClCompile>
    <ClCompile Include="UndoOp.cpp">
      <Filter>Source Files</Filter>
    </ClCompile>
    <ClCompile Include="ViewAF.cpp">
      <Filter>Source Files</Filter>
    </ClCompile>
    <ClCompile Include="ViewEx.cpp">
      <Filter>Source Files</Filter>
    </ClCompile>
    <ClCompile Include="ViewSplitted.cpp">
      <Filter>Source Files</Filter>
    </ClCompile>
    <ClCompile Include="WildCard.cpp">
      <Filter>Source Files</Filter>
    </ClCompile>
    <ClCompile Include="WildCardMSAccess.cpp">
      <Filter>Source Files</Filter>
    </ClCompile>
    <ClCompile Include="WndAFHeader.cpp">
      <Filter>Source Files</Filter>
    </ClCompile>
    <ClCompile Include="WndAFSplitter.cpp">
      <Filter>Source Files</Filter>
    </ClCompile>
    <ClCompile Include="WndDragHelper.cpp">
      <Filter>Source Files</Filter>
    </ClCompile>
    <ClCompile Include="Worc.cpp">
      <Filter>Source Files</Filter>
    </ClCompile>
    <ClCompile Include="Worcer.cpp">
      <Filter>Source Files</Filter>
    </ClCompile>
    <ClCompile Include="WorcerRead.cpp">
      <Filter>Source Files</Filter>
    </ClCompile>
    <ClCompile Include="Work.cpp">
      <Filter>Source Files</Filter>
    </ClCompile>
    <ClCompile Include="Worker.cpp">
      <Filter>Source Files</Filter>
    </ClCompile>
  </ItemGroup>
  <ItemGroup>
    <None Include="AFLib_D.def">
      <Filter>Source Files</Filter>
    </None>
    <None Include="AFLib_DU.def">
      <Filter>Source Files</Filter>
    </None>
    <None Include="AFLib_R.def">
      <Filter>Source Files</Filter>
    </None>
    <None Include="AFLib_RU.def">
      <Filter>Source Files</Filter>
    </None>
    <None Include="Res\AFLib.rc2">
      <Filter>Resource Files</Filter>
    </None>
    <None Include="Res\ArrowPlus.cur">
      <Filter>Resource Files</Filter>
    </None>
    <None Include="Res\MoveMany.cur">
      <Filter>Resource Files</Filter>
    </None>
    <None Include="Res\MoveOne.cur">
      <Filter>Resource Files</Filter>
    </None>
    <None Include="Res\NoDrop.cur">
      <Filter>Resource Files</Filter>
    </None>
  </ItemGroup>
  <ItemGroup>
    <ClInclude Include="..\Include\AFLib.h">
      <Filter>Header Files</Filter>
    </ClInclude>
    <ClInclude Include="..\Include\AFLib3State.h">
      <Filter>Header Files</Filter>
    </ClInclude>
    <ClInclude Include="..\Include\AFLibAFListDrawData.h">
      <Filter>Header Files</Filter>
    </ClInclude>
    <ClInclude Include="..\Include\AFLibAppAF.h">
      <Filter>Header Files</Filter>
    </ClInclude>
    <ClInclude Include="..\Include\AFLibArrays.h">
      <Filter>Header Files</Filter>
    </ClInclude>
    <ClInclude Include="..\Include\AFLibBitMask.h">
      <Filter>Header Files</Filter>
    </ClInclude>
    <ClInclude Include="..\Include\AFLibBtnImg.h">
      <Filter>Header Files</Filter>
    </ClInclude>
    <ClInclude Include="..\Include\AFLibBtnOwner.h">
      <Filter>Header Files</Filter>
    </ClInclude>
    <ClInclude Include="..\Include\AFLibBtnTxt.h">
      <Filter>Header Files</Filter>
    </ClInclude>
    <ClInclude Include="..\Include\AFLibCalcData.h">
      <Filter>Header Files</Filter>
    </ClInclude>
    <ClInclude Include="..\Include\AFLibCalcGlobal.h">
      <Filter>Header Files</Filter>
    </ClInclude>
    <ClInclude Include="..\Include\AFLibCalcStack.h">
      <Filter>Header Files</Filter>
    </ClInclude>
    <ClInclude Include="..\Include\AFLibCalculator.h">
      <Filter>Header Files</Filter>
    </ClInclude>
    <ClInclude Include="..\Include\AFLibCardIntervalSet.h">
      <Filter>Header Files</Filter>
    </ClInclude>
    <ClInclude Include="..\Include\AFLibCartesianPoint.h">
      <Filter>Header Files</Filter>
    </ClInclude>
    <ClInclude Include="..\Include\AFLibCbdDataUnit.h">
      <Filter>Header Files</Filter>
    </ClInclude>
    <ClInclude Include="..\Include\AFLibCbiDataUnit.h">
      <Filter>Header Files</Filter>
    </ClInclude>
    <ClInclude Include="..\Include\AFLibCbsDataUnit.h">
      <Filter>Header Files</Filter>
    </ClInclude>
    <ClInclude Include="..\Include\AFLibChkDataUnit.h">
      <Filter>Header Files</Filter>
    </ClInclude>
    <ClInclude Include="..\Include\AFLibClusterSet.h">
      <Filter>Header Files</Filter>
    </ClInclude>
    <ClInclude Include="..\Include\AFLibCmbFont.h">
      <Filter>Header Files</Filter>
    </ClInclude>
    <ClInclude Include="..\Include\AFLibCmbOwner.h">
      <Filter>Header Files</Filter>
    </ClInclude>
    <ClInclude Include="..\Include\AFLibCollections.h">
      <Filter>Header Files</Filter>
    </ClInclude>
    <ClInclude Include="..\Include\AFLibColumn.h">
      <Filter>Header Files</Filter>
    </ClInclude>
    <ClInclude Include="..\Include\AFLibCompiler.h">
      <Filter>Header Files</Filter>
    </ClInclude>
    <ClInclude Include="..\Include\AFLibConcatHandler.h">
      <Filter>Header Files</Filter>
    </ClInclude>
    <ClInclude Include="..\Include\AFLibCursorSet.h">
      <Filter>Header Files</Filter>
    </ClInclude>
    <ClInclude Include="..\Include\AFLibDatabaseAF.h">
      <Filter>Header Files</Filter>
    </ClInclude>
    <ClInclude Include="..\Include\AFLibDatabasePool.h">
      <Filter>Header Files</Filter>
    </ClInclude>
    <ClInclude Include="..\Include\AFLibDataMass.h">
      <Filter>Header Files</Filter>
    </ClInclude>
    <ClInclude Include="..\Include\AFLibDataUnit.h">
      <Filter>Header Files</Filter>
    </ClInclude>
    <ClInclude Include="..\Include\AFLibDBField.h">
      <Filter>Header Files</Filter>
    </ClInclude>
    <ClInclude Include="..\Include\AFLibDBGlobal.h">
      <Filter>Header Files</Filter>
    </ClInclude>
    <ClInclude Include="..\Include\AFLibDblDataUnit.h">
      <Filter>Header Files</Filter>
    </ClInclude>
    <ClInclude Include="..\Include\AFLibDCStateSaver.h">
      <Filter>Header Files</Filter>
    </ClInclude>
    <ClInclude Include="..\Include\AFLibDDataUnit.h">
      <Filter>Header Files</Filter>
    </ClInclude>
    <ClInclude Include="..\Include\AFLibDefine.h">
      <Filter>Header Files</Filter>
    </ClInclude>
    <ClInclude Include="..\Include\AFLibDirDataUnit.h">
      <Filter>Header Files</Filter>
    </ClInclude>
    <ClInclude Include="..\Include\AFLibDitem.h">
      <Filter>Header Files</Filter>
    </ClInclude>
    <ClInclude Include="..\Include\AFLibDitemArray.h">
      <Filter>Header Files</Filter>
    </ClInclude>
    <ClInclude Include="..\Include\AFLibDlg.h">
      <Filter>Header Files</Filter>
    </ClInclude>
    <ClInclude Include="..\Include\AFLibDlgDitemDetails.h">
      <Filter>Header Files</Filter>
    </ClInclude>
    <ClInclude Include="..\Include\AFLibDlgLog.h">
      <Filter>Header Files</Filter>
    </ClInclude>
    <ClInclude Include="..\Include\AFLibDlgPrint.h">
      <Filter>Header Files</Filter>
    </ClInclude>
    <ClInclude Include="..\Include\AFLibDlgRun.h">
      <Filter>Header Files</Filter>
    </ClInclude>
    <ClInclude Include="..\Include\AFLibDlgSDSupport.h">
      <Filter>Header Files</Filter>
    </ClInclude>
    <ClInclude Include="..\Include\AFLibDlgSelfDestruct.h">
      <Filter>Header Files</Filter>
    </ClInclude>
    <ClInclude Include="..\Include\AFLibDlgTT.h">
      <Filter>Header Files</Filter>
    </ClInclude>
    <ClInclude Include="..\Include\AFLibDocAF.h">
      <Filter>Header Files</Filter>
    </ClInclude>
    <ClInclude Include="..\Include\AFLibDragField.h">
      <Filter>Header Files</Filter>
    </ClInclude>
    <ClInclude Include="..\Include\AFLibEditCode.h">
      <Filter>Header Files</Filter>
    </ClInclude>
    <ClInclude Include="..\Include\AFLibEditLog.h">
      <Filter>Header Files</Filter>
    </ClInclude>
    <ClInclude Include="..\Include\AFLibExcBreak.h">
      <Filter>Header Files</Filter>
    </ClInclude>
    <ClInclude Include="..\Include\AFLibExcMessage.h">
      <Filter>Header Files</Filter>
    </ClInclude>
    <ClInclude Include="..\Include\AFLibExcMsgBox.h">
      <Filter>Header Files</Filter>
    </ClInclude>
    <ClInclude Include="..\Include\AFLibFileKiller.h">
      <Filter>Header Files</Filter>
    </ClInclude>
    <ClInclude Include="..\Include\AFLibFileParser.h">
      <Filter>Header Files</Filter>
    </ClInclude>
    <ClInclude Include="..\Include\AFLibFileParserAbstract.h">
      <Filter>Header Files</Filter>
    </ClInclude>
    <ClInclude Include="..\Include\AFLibFileTemp.h">
      <Filter>Header Files</Filter>
    </ClInclude>
    <ClInclude Include="..\Include\AFLibFontDescriptor.h">
      <Filter>Header Files</Filter>
    </ClInclude>
    <ClInclude Include="..\Include\AFLibFrmAF.h">
      <Filter>Header Files</Filter>
    </ClInclude>
    <ClInclude Include="..\Include\AFLibFuncManager.h">
      <Filter>Header Files</Filter>
    </ClInclude>
    <ClInclude Include="..\Include\AFLibFuncPrototype.h">
      <Filter>Header Files</Filter>
    </ClInclude>
    <ClInclude Include="..\Include\AFLibGlobal.h">
      <Filter>Header Files</Filter>
    </ClInclude>
    <ClInclude Include="..\Include\AFLibGuiGlobal.h">
      <Filter>Header Files</Filter>
    </ClInclude>
    <ClInclude Include="..\Include\AFLibHeap.h">
      <Filter>Header Files</Filter>
    </ClInclude>
    <ClInclude Include="..\Include\AFLibIDataUnit.h">
      <Filter>Header Files</Filter>
    </ClInclude>
    <ClInclude Include="..\Include\AFLibIDManager.h">
      <Filter>Header Files</Filter>
    </ClInclude>
    <ClInclude Include="..\Include\AFLibImageAF.h">
      <Filter>Header Files</Filter>
    </ClInclude>
    <ClInclude Include="..\Include\AFLibIntDataUnit.h">
      <Filter>Header Files</Filter>
    </ClInclude>
    <ClInclude Include="..\Include\AFLibIntervalSet.h">
      <Filter>Header Files</Filter>
    </ClInclude>
    <ClInclude Include="..\Include\AFLibIOGlobal.h">
      <Filter>Header Files</Filter>
    </ClInclude>
    <ClInclude Include="..\Include\AFLibLCBDraw.h">
      <Filter>Header Files</Filter>
    </ClInclude>
    <ClInclude Include="..\Include\AFLibLexAnalyzer.h">
      <Filter>Header Files</Filter>
    </ClInclude>
    <ClInclude Include="..\Include\AFLibLexAnalyzerCCode.h">
      <Filter>Header Files</Filter>
    </ClInclude>
    <ClInclude Include="..\Include\AFLibLexAnalyzerCExpr.h">
      <Filter>Header Files</Filter>
    </ClInclude>
    <ClInclude Include="..\Include\AFLibLexParser.h">
      <Filter>Header Files</Filter>
    </ClInclude>
    <ClInclude Include="..\Include\AFLibLog.h">
      <Filter>Header Files</Filter>
    </ClInclude>
    <ClInclude Include="..\Include\AFLibLstDitem.h">
      <Filter>Header Files</Filter>
    </ClInclude>
    <ClInclude Include="..\Include\AFLibLstDragCompanion.h">
      <Filter>Header Files</Filter>
    </ClInclude>
    <ClInclude Include="..\Include\AFLibLstMask.h">
      <Filter>Header Files</Filter>
    </ClInclude>
    <ClInclude Include="..\Include\AFLibLstOwner.h">
      <Filter>Header Files</Filter>
    </ClInclude>
    <ClInclude Include="..\Include\AFLibMaps.h">
      <Filter>Header Files</Filter>
    </ClInclude>
    <ClInclude Include="..\Include\AFLibMargin.h">
      <Filter>Header Files</Filter>
    </ClInclude>
    <ClInclude Include="..\Include\AFLibMathGlobal.h">
      <Filter>Header Files</Filter>
    </ClInclude>
    <ClInclude Include="..\Include\AFLibMemoryBulk.h">
      <Filter>Header Files</Filter>
    </ClInclude>
    <ClInclude Include="..\Include\AFLibMenuBitmapper.h">
      <Filter>Header Files</Filter>
    </ClInclude>
    <ClInclude Include="..\Include\AFLibMenuItemInfo.h">
      <Filter>Header Files</Filter>
    </ClInclude>
    <ClInclude Include="..\Include\AFLibMetaFileDCAF.h">
      <Filter>Header Files</Filter>
    </ClInclude>
    <ClInclude Include="..\Include\AFLibModalCounter.h">
      <Filter>Header Files</Filter>
    </ClInclude>
    <ClInclude Include="..\Include\AFLibMskDataUnit.h">
      <Filter>Header Files</Filter>
    </ClInclude>
    <ClInclude Include="..\Include\AFLibOleVariantArray.h">
      <Filter>Header Files</Filter>
    </ClInclude>
    <ClInclude Include="..\Include\AFLibPointers.h">
      <Filter>Header Files</Filter>
    </ClInclude>
    <ClInclude Include="..\Include\AFLibPrcDataUnit.h">
      <Filter>Header Files</Filter>
    </ClInclude>
    <ClInclude Include="..\Include\AFLibPreviewViewAF.h">
      <Filter>Header Files</Filter>
    </ClInclude>
    <ClInclude Include="..\Include\AFLibProFont.h">
      <Filter>Header Files</Filter>
    </ClInclude>
    <ClInclude Include="..\Include\AFLibProTT.h">
      <Filter>Header Files</Filter>
    </ClInclude>
    <ClInclude Include="..\Include\AFLibQuaDataUnit.h">
      <Filter>Header Files</Filter>
    </ClInclude>
    <ClInclude Include="..\Include\AFLibQuantity.h">
      <Filter>Header Files</Filter>
    </ClInclude>
    <ClInclude Include="..\Include\AFLibRadDataUnit.h">
      <Filter>Header Files</Filter>
    </ClInclude>
    <ClInclude Include="..\Include\AFLibRandom.h">
      <Filter>Header Files</Filter>
    </ClInclude>
    <ClInclude Include="..\Include\AFLibRecordsetAF.h">
      <Filter>Header Files</Filter>
    </ClInclude>
    <ClInclude Include="..\Include\AFLibRecordsetDef.h">
      <Filter>Header Files</Filter>
    </ClInclude>
    <ClInclude Include="..\Include\AFLibRecordsetParam.h">
      <Filter>Header Files</Filter>
    </ClInclude>
    <ClInclude Include="..\Include\AFLibResource.h">
      <Filter>Header Files</Filter>
    </ClInclude>
    <ClInclude Include="..\Include\AFLibRichEditCtrlW.h">
      <Filter>Header Files</Filter>
    </ClInclude>
    <ClInclude Include="..\Include\AFLibRow.h">
      <Filter>Header Files</Filter>
    </ClInclude>
    <ClInclude Include="..\Include\AFLibRowNC.h">
      <Filter>Header Files</Filter>
    </ClInclude>
    <ClInclude Include="..\Include\AFLibSDataUnit.h">
      <Filter>Header Files</Filter>
    </ClInclude>
    <ClInclude Include="..\Include\AFLibSemaLock.h">
      <Filter>Header Files</Filter>
    </ClInclude>
    <ClInclude Include="..\Include\AFLibSemaphoreAF.h">
      <Filter>Header Files</Filter>
    </ClInclude>
    <ClInclude Include="..\Include\AFLibSimpleType.h">
      <Filter>Header Files</Filter>
    </ClInclude>
    <ClInclude Include="..\Include\AFLibSpinInfinity.h">
      <Filter>Header Files</Filter>
    </ClInclude>
    <ClInclude Include="..\Include\AFLibSpnDataUnit.h">
      <Filter>Header Files</Filter>
    </ClInclude>
    <ClInclude Include="..\Include\AFLibSpnInfDataUnit.h">
      <Filter>Header Files</Filter>
    </ClInclude>
    <ClInclude Include="..\Include\AFLibSpnPrcDataUnit.h">
      <Filter>Header Files</Filter>
    </ClInclude>
    <ClInclude Include="..\Include\AFLibStorage.h">
      <Filter>Header Files</Filter>
    </ClInclude>
    <ClInclude Include="..\Include\AFLibStrDataUnit.h">
      <Filter>Header Files</Filter>
    </ClInclude>
    <ClInclude Include="..\Include\AFLibStringBuffer.h">
      <Filter>Header Files</Filter>
    </ClInclude>
    <ClInclude Include="..\Include\AFLibStringBufferGeneric.h">
      <Filter>Header Files</Filter>
    </ClInclude>
    <ClInclude Include="..\Include\AFLibStringParser.h">
      <Filter>Header Files</Filter>
    </ClInclude>
    <ClInclude Include="..\Include\AFLibStringParserAbstract.h">
      <Filter>Header Files</Filter>
    </ClInclude>
    <ClInclude Include="..\Include\AFLibStringParserGeneral.h">
      <Filter>Header Files</Filter>
    </ClInclude>
    <ClInclude Include="..\Include\AFLibStrings.h">
      <Filter>Header Files</Filter>
    </ClInclude>
    <ClInclude Include="..\Include\AFLibStringSpacer.h">
      <Filter>Header Files</Filter>
    </ClInclude>
    <ClInclude Include="..\Include\AFLibStringTokenizer.h">
      <Filter>Header Files</Filter>
    </ClInclude>
    <ClInclude Include="..\Include\AFLibStringTokenizerAbstract.h">
      <Filter>Header Files</Filter>
    </ClInclude>
    <ClInclude Include="..\Include\AFLibStringTokenizerAlt.h">
      <Filter>Header Files</Filter>
    </ClInclude>
    <ClInclude Include="..\Include\AFLibStringTokenizerStr.h">
      <Filter>Header Files</Filter>
    </ClInclude>
    <ClInclude Include="..\Include\AFLibStringTokenizerText.h">
      <Filter>Header Files</Filter>
    </ClInclude>
    <ClInclude Include="..\Include\AFLibStringWriter.h">
      <Filter>Header Files</Filter>
    </ClInclude>
    <ClInclude Include="..\Include\AFLibSuperText.h">
      <Filter>Header Files</Filter>
    </ClInclude>
    <ClInclude Include="..\Include\AFLibTempTT.h">
      <Filter>Header Files</Filter>
    </ClInclude>
    <ClInclude Include="..\Include\AFLibTestMaps.h">
      <Filter>Header Files</Filter>
    </ClInclude>
    <ClInclude Include="..\Include\AFLibTextParser.h">
      <Filter>Header Files</Filter>
    </ClInclude>
    <ClInclude Include="..\Include\AFLibThread.h">
      <Filter>Header Files</Filter>
    </ClInclude>
    <ClInclude Include="..\Include\AFLibThreadSafeConst.h">
      <Filter>Header Files</Filter>
    </ClInclude>
    <ClInclude Include="..\Include\AFLibThreadSafeStatic.h">
      <Filter>Header Files</Filter>
    </ClInclude>
    <ClInclude Include="..\Include\AFLibTreeDitem.h">
      <Filter>Header Files</Filter>
    </ClInclude>
    <ClInclude Include="..\Include\AFLibTreeOwner.h">
      <Filter>Header Files</Filter>
    </ClInclude>
    <ClInclude Include="..\Include\AFLibUndo.h">
      <Filter>Header Files</Filter>
    </ClInclude>
    <ClInclude Include="..\Include\AFLibUndoOp.h">
      <Filter>Header Files</Filter>
    </ClInclude>
    <ClInclude Include="..\Include\AFLibViewAF.h">
      <Filter>Header Files</Filter>
    </ClInclude>
    <ClInclude Include="..\Include\AFLibViewEx.h">
      <Filter>Header Files</Filter>
    </ClInclude>
    <ClInclude Include="..\Include\AFLibViewSplitted.h">
      <Filter>Header Files</Filter>
    </ClInclude>
    <ClInclude Include="..\Include\AFLibViewTempEx.h">
      <Filter>Header Files</Filter>
    </ClInclude>
    <ClInclude Include="..\Include\AFLibWildCard.h">
      <Filter>Header Files</Filter>
    </ClInclude>
    <ClInclude Include="..\Include\AFLibWildCardMSAccess.h">
      <Filter>Header Files</Filter>
    </ClInclude>
    <ClInclude Include="..\Include\AFLibWndAFHeader.h">
      <Filter>Header Files</Filter>
    </ClInclude>
    <ClInclude Include="..\Include\AFLibWndAFSplitter.h">
      <Filter>Header Files</Filter>
    </ClInclude>
    <ClInclude Include="..\Include\AFLibWorc.h">
      <Filter>Header Files</Filter>
    </ClInclude>
    <ClInclude Include="..\Include\AFLibWorcer.h">
      <Filter>Header Files</Filter>
    </ClInclude>
    <ClInclude Include="..\Include\AFLibWork.h">
      <Filter>Header Files</Filter>
    </ClInclude>
    <ClInclude Include="..\Include\AFLibWorker.h">
      <Filter>Header Files</Filter>
    </ClInclude>
    <ClInclude Include="DlgConfirm.h">
      <Filter>Header Files</Filter>
    </ClInclude>
    <ClInclude Include="DlgListHelper.h">
      <Filter>Header Files</Filter>
    </ClInclude>
    <ClInclude Include="LibBcp.h">
      <Filter>Header Files</Filter>
    </ClInclude>
    <ClInclude Include="LibEnum.h">
      <Filter>Header Files</Filter>
    </ClInclude>
    <ClInclude Include="Local.h">
      <Filter>Header Files</Filter>
    </ClInclude>
    <ClInclude Include="Resource.h">
      <Filter>Header Files</Filter>
    </ClInclude>
    <ClInclude Include="SQLStatement.h">
      <Filter>Header Files</Filter>
    </ClInclude>
    <ClInclude Include="StdAfx.h">
      <Filter>Header Files</Filter>
    </ClInclude>
    <ClInclude Include="WndDragHelper.h">
      <Filter>Header Files</Filter>
    </ClInclude>
    <ClInclude Include="WorcerRead.h">
      <Filter>Header Files</Filter>
    </ClInclude>
  </ItemGroup>
  <ItemGroup>
    <ResourceCompile Include="AFLib.rc">
      <Filter>Resource Files</Filter>
    </ResourceCompile>
  </ItemGroup>
  <ItemGroup>
    <Image Include="Res\Brush.bmp">
      <Filter>Resource Files</Filter>
    </Image>
    <Image Include="Res\Check.ico">
      <Filter>Resource Files</Filter>
    </Image>
  </ItemGroup>
</Project>