<?xml version="1.0" encoding="utf-8"?>
<Project ToolsVersion="4.0" xmlns="http://schemas.microsoft.com/developer/msbuild/2003">
  <ItemGroup>
    <Filter Include="Source Files">
      <UniqueIdentifier>{29595ef6-ec19-4837-8ba7-ed8023f3803d}</UniqueIdentifier>
      <Extensions>cpp;c;cxx;rc;def;r;odl;hpj;bat;for;f90</Extensions>
    </Filter>
    <Filter Include="Header Files">
      <UniqueIdentifier>{545eac72-6b57-43ab-9a65-1600f6133509}</UniqueIdentifier>
      <Extensions>h;hpp;hxx;hm;inl;fi;fd</Extensions>
    </Filter>
  </ItemGroup>
  <ItemGroup>
    <ClCompile Include="act_orcl.cpp">
      <Filter>Source Files</Filter>
    </ClCompile>
    <ClCompile Include="borrar.cpp">
      <Filter>Source Files</Filter>
    </ClCompile>
    <ClCompile Include="bound.cpp">
      <Filter>Source Files</Filter>
    </ClCompile>
    <ClCompile Include="cent_act.cpp">
      <Filter>Source Files</Filter>
    </ClCompile>
    <ClCompile Include="center.cpp">
      <Filter>Source Files</Filter>
    </ClCompile>
    <ClCompile Include="cluster.cpp">
      <Filter>Source Files</Filter>
    </ClCompile>
    <ClCompile Include="convertidor.cpp">
      <Filter>Source Files</Filter>
    </ClCompile>
    <ClCompile Include="dec.cpp">
      <Filter>Source Files</Filter>
    </ClCompile>
    <ClCompile Include="desconvertidor.cpp">
      <Filter>Source Files</Filter>
    </ClCompile>
    <ClCompile Include="dsj_orcl.cpp">
      <Filter>Source Files</Filter>
    </ClCompile>
    <ClCompile Include="function.cpp">
      <Filter>Source Files</Filter>
    </ClCompile>
    <ClCompile Include="grph_arc.cpp">
      <Filter>Source Files</Filter>
    </ClCompile>
    <ClCompile Include="grph_tim.cpp">
      <Filter>Source Files</Filter>
    </ClCompile>
    <ClCompile Include="int_cuis.cpp">
      <Filter>Source Files</Filter>
    </ClCompile>
    <ClCompile Include="itera_tools2.cpp">
      <Filter>Source Files</Filter>
    </ClCompile>
    <ClCompile Include="local.cpp">
      <Filter>Source Files</Filter>
    </ClCompile>
    <ClCompile Include="main.cpp">
      <Filter>Source Files</Filter>
    </ClCompile>
    <ClCompile Include="node.cpp">
      <Filter>Source Files</Filter>
    </ClCompile>
    <ClCompile Include="optimize.cpp">
      <Filter>Source Files</Filter>
    </ClCompile>
    <ClCompile Include="paramet.cpp">
      <Filter>Source Files</Filter>
    </ClCompile>
    <ClCompile Include="plant.cpp">
      <Filter>Source Files</Filter>
    </ClCompile>
    <ClCompile Include="sbwindows.cpp">
      <Filter>Source Files</Filter>
    </ClCompile>
    <ClCompile Include="set_cent.cpp">
      <Filter>Source Files</Filter>
    </ClCompile>
    <ClCompile Include="set_clus.cpp">
      <Filter>Source Files</Filter>
    </ClCompile>
    <ClCompile Include="sol_orac.cpp">
      <Filter>Source Files</Filter>
    </ClCompile>
    <ClCompile Include="StdAfx.cpp">
      <Filter>Source Files</Filter>
    </ClCompile>
  </ItemGroup>
  <ItemGroup>
    <ClInclude Include="act_orcl.h">
      <Filter>Header Files</Filter>
    </ClInclude>
    <ClInclude Include="center.h">
      <Filter>Header Files</Filter>
    </ClInclude>
    <ClInclude Include="classes.h">
      <Filter>Header Files</Filter>
    </ClInclude>
    <ClInclude Include="clus_cen.h">
      <Filter>Header Files</Filter>
    </ClInclude>
    <ClInclude Include="cluster.h">
      <Filter>Header Files</Filter>
    </ClInclude>
    <ClInclude Include="const.h">
      <Filter>Header Files</Filter>
    </ClInclude>
    <ClInclude Include="dsj_orcl.h">
      <Filter>Header Files</Filter>
    </ClInclude>
    <ClInclude Include="file_gantt.h">
      <Filter>Header Files</Filter>
    </ClInclude>
    <ClInclude Include="fun_w_traslape.h">
      <Filter>Header Files</Filter>
    </ClInclude>
    <ClInclude Include="globals.h">
      <Filter>Header Files</Filter>
    </ClInclude>
    <ClInclude Include="graph.h">
      <Filter>Header Files</Filter>
    </ClInclude>
    <ClInclude Include="input_file.h">
      <Filter>Header Files</Filter>
    </ClInclude>
    <ClInclude Include="int_cuis.h">
      <Filter>Header Files</Filter>
    </ClInclude>
    <ClInclude Include="lib_func.h">
      <Filter>Header Files</Filter>
    </ClInclude>
    <ClInclude Include="list_dis.h">
      <Filter>Header Files</Filter>
    </ClInclude>
    <ClInclude Include="local.h">
      <Filter>Header Files</Filter>
    </ClInclude>
    <ClInclude Include="node.h">
      <Filter>Header Files</Filter>
    </ClInclude>
    <ClInclude Include="optimize.h">
      <Filter>Header Files</Filter>
    </ClInclude>
    <ClInclude Include="paramet.h">
      <Filter>Header Files</Filter>
    </ClInclude>
    <ClInclude Include="plant.h">
      <Filter>Header Files</Filter>
    </ClInclude>
    <ClInclude Include="set_cent.h">
      <Filter>Header Files</Filter>
    </ClInclude>
    <ClInclude Include="set_clus.h">
      <Filter>Header Files</Filter>
    </ClInclude>
    <ClInclude Include="sol_grph.h">
      <Filter>Header Files</Filter>
    </ClInclude>
    <ClInclude Include="sol_incr.h">
      <Filter>Header Files</Filter>
    </ClInclude>
    <ClInclude Include="sol_orac.h">
      <Filter>Header Files</Filter>
    </ClInclude>
    <ClInclude Include="StdAfx.h">
      <Filter>Header Files</Filter>
    </ClInclude>
    <ClInclude Include="t_index.h">
      <Filter>Header Files</Filter>
    </ClInclude>
    <ClInclude Include="t_stack.h">
      <Filter>Header Files</Filter>
    </ClInclude>
  </ItemGroup>
</Project>