<?xml version="1.0" encoding="utf-8"?>
<Project ToolsVersion="4.0" xmlns="http://schemas.microsoft.com/developer/msbuild/2003">
  <ItemGroup>
    <Filter Include="Source Files">
      <UniqueIdentifier>{59ee3104-bb04-40da-87ff-769caace2605}</UniqueIdentifier>
      <Extensions>cpp;c;cxx;rc;def;r;odl;hpj;bat;for;f90</Extensions>
    </Filter>
    <Filter Include="Header Files">
      <UniqueIdentifier>{5a3a3faa-11dd-4e91-b3c0-f7c34b42704f}</UniqueIdentifier>
      <Extensions>h;hpp;hxx;hm;inl;fi;fd</Extensions>
    </Filter>
  </ItemGroup>
  <ItemGroup>
    <ClCompile Include="Decompose.cpp">
      <Filter>Source Files</Filter>
    </ClCompile>
    <ClCompile Include="def.cpp">
      <Filter>Source Files</Filter>
    </ClCompile>
    <ClCompile Include="..\GetMaxValues.cpp">
      <Filter>Source Files</Filter>
    </ClCompile>
    <ClCompile Include="Graph.cpp">
      <Filter>Source Files</Filter>
    </ClCompile>
    <ClCompile Include="Input.cpp">
      <Filter>Source Files</Filter>
    </ClCompile>
    <ClCompile Include="l_search.cpp">
      <Filter>Source Files</Filter>
    </ClCompile>
    <ClCompile Include="Main.cpp">
      <Filter>Source Files</Filter>
    </ClCompile>
    <ClCompile Include="metropol.cpp">
      <Filter>Source Files</Filter>
    </ClCompile>
    <ClCompile Include="neighbor.cpp">
      <Filter>Source Files</Filter>
    </ClCompile>
    <ClCompile Include="Routine.cpp">
      <Filter>Source Files</Filter>
    </ClCompile>
    <ClCompile Include="skgraph.cpp">
      <Filter>Source Files</Filter>
    </ClCompile>
    <ClCompile Include="StageBB.cpp">
      <Filter>Source Files</Filter>
    </ClCompile>
    <ClCompile Include="StdAfx.cpp">
      <Filter>Source Files</Filter>
    </ClCompile>
  </ItemGroup>
  <ItemGroup>
    <ClInclude Include="Constants.h">
      <Filter>Header Files</Filter>
    </ClInclude>
    <ClInclude Include="def.h">
      <Filter>Header Files</Filter>
    </ClInclude>
    <ClInclude Include="graph.h">
      <Filter>Header Files</Filter>
    </ClInclude>
    <ClInclude Include="Input.h">
      <Filter>Header Files</Filter>
    </ClInclude>
    <ClInclude Include="metropol.h">
      <Filter>Header Files</Filter>
    </ClInclude>
    <ClInclude Include="neighbor.h">
      <Filter>Header Files</Filter>
    </ClInclude>
    <ClInclude Include="StageBB.h">
      <Filter>Header Files</Filter>
    </ClInclude>
    <ClInclude Include="StdAfx.h">
      <Filter>Header Files</Filter>
    </ClInclude>
  </ItemGroup>
</Project>