Microsoft Visual Studio Solution File, Format Version 12.00
# Visual Studio 15
VisualStudioVersion = 15.0.28307.852
MinimumVisualStudioVersion = 10.0.40219.1
Project("{8BC9CEB8-8B4A-11D0-8D11-00A0C91BC942}") = "Asm", "Asm\Asm.vcxproj", "{BCB20A74-C104-410E-AC50-1347F933214D}"
	ProjectSection(ProjectDependencies) = postProject
		{33238318-C513-4C42-8E01-804FF1B08D1D} = {33238318-C513-4C42-8E01-804FF1B08D1D}
		{650D0436-62C6-4957-BC5F-C3AC9D08ABA8} = {650D0436-62C6-4957-BC5F-C3AC9D08ABA8}
		{C85D2F48-4CF6-4284-8B5A-346208A5B6BD} = {C85D2F48-4CF6-4284-8B5A-346208A5B6BD}
	EndProjectSection
EndProject
Project("{8BC9CEB8-8B4A-11D0-8D11-00A0C91BC942}") = "Gen", "Gen\Gen.vcxproj", "{CD68F210-A855-452B-8784-DBF3C4222137}"
	ProjectSection(ProjectDependencies) = postProject
		{C85D2F48-4CF6-4284-8B5A-346208A5B6BD} = {C85D2F48-4CF6-4284-8B5A-346208A5B6BD}
	EndProjectSection
EndProject
Project("{8BC9CEB8-8B4A-11D0-8D11-00A0C91BC942}") = "Helper", "Helper\Helper.vcxproj", "{650D0436-62C6-4957-BC5F-C3AC9D08ABA8}"
EndProject
Project("{8BC9CEB8-8B4A-11D0-8D11-00A0C91BC942}") = "LSearch", "LSearch\LSearch.vcxproj", "{1916D38E-0D4A-41D0-893B-F5481BEFAEF2}"
	ProjectSection(ProjectDependencies) = postProject
		{C85D2F48-4CF6-4284-8B5A-346208A5B6BD} = {C85D2F48-4CF6-4284-8B5A-346208A5B6BD}
	EndProjectSection
EndProject
Project("{8BC9CEB8-8B4A-11D0-8D11-00A0C91BC942}") = "SB", "SB\SB.vcxproj", "{31829089-3E4F-42A9-B373-DD0B62FBA54C}"
	ProjectSection(ProjectDependencies) = postProject
		{C85D2F48-4CF6-4284-8B5A-346208A5B6BD} = {C85D2F48-4CF6-4284-8B5A-346208A5B6BD}
	EndProjectSection
EndProject
Project("{8BC9CEB8-8B4A-11D0-8D11-00A0C91BC942}") = "SBLS", "SBLS\SBLS.vcxproj", "{EEA78623-90CE-4C23-9825-9427D3DA0382}"
EndProject
Project("{8BC9CEB8-8B4A-11D0-8D11-00A0C91BC942}") = "SBTWT", "SBTWT\SBTWT.vcxproj", "{7DD48152-F9B6-47B6-BD52-57A6FC515F33}"
EndProject
Project("{8BC9CEB8-8B4A-11D0-8D11-00A0C91BC942}") = "Sample", "Sample\Sample.vcxproj", "{3949F0E0-41F6-4B1C-9D4D-027D40CC5DF0}"
EndProject
Project("{8BC9CEB8-8B4A-11D0-8D11-00A0C91BC942}") = "Summer", "Summer\Summer.vcxproj", "{33238318-C513-4C42-8E01-804FF1B08D1D}"
EndProject
Project("{8BC9CEB8-8B4A-11D0-8D11-00A0C91BC942}") = "TestAlg", "TestAlg\TestAlg.vcxproj", "{3486D05A-4531-4052-81F7-D4BCE9921F30}"
EndProject
Project("{8BC9CEB8-8B4A-11D0-8D11-00A0C91BC942}") = "NSIBuilder", "NSIBuilder\NSIBuilder.vcxproj", "{4058AF54-472E-4A7A-AC83-481C3E03F569}"
	ProjectSection(ProjectDependencies) = postProject
		{C85D2F48-4CF6-4284-8B5A-346208A5B6BD} = {C85D2F48-4CF6-4284-8B5A-346208A5B6BD}
	EndProjectSection
EndProject
Project("{8BC9CEB8-8B4A-11D0-8D11-00A0C91BC942}") = "AFLib", "Libraries\AFLib\Src\AFLib.vcxproj", "{C85D2F48-4CF6-4284-8B5A-346208A5B6BD}"
EndProject
Project("{888888A0-9F3D-457C-B088-3A5042F75D52}") = "TestAlgPython", "TestAlgPython\TestAlgPython.pyproj", "{297AEA20-94A0-4725-A98E-EFC9C299F8C4}"
EndProject
Global
	GlobalSection(SolutionConfigurationPlatforms) = preSolution
		Debug Unicode|Any CPU = Debug Unicode|Any CPU
		Debug Unicode|Win32 = Debug Unicode|Win32
		Debug|Any CPU = Debug|Any CPU
		Debug|Win32 = Debug|Win32
		Inter|Any CPU = Inter|Any CPU
		Inter|Win32 = Inter|Win32
		Release Unicode|Any CPU = Release Unicode|Any CPU
		Release Unicode|Win32 = Release Unicode|Win32
		Release|Any CPU = Release|Any CPU
		Release|Win32 = Release|Win32
	EndGlobalSection
	GlobalSection(ProjectConfigurationPlatforms) = postSolution
		{BCB20A74-C104-410E-AC50-1347F933214D}.Debug Unicode|Any CPU.ActiveCfg = Release|Win32
		{BCB20A74-C104-410E-AC50-1347F933214D}.Debug Unicode|Any CPU.Build.0 = Release|Win32
		{BCB20A74-C104-410E-AC50-1347F933214D}.Debug Unicode|Win32.ActiveCfg = Debug|Win32
		{BCB20A74-C104-410E-AC50-1347F933214D}.Debug Unicode|Win32.Build.0 = Debug|Win32
		{BCB20A74-C104-410E-AC50-1347F933214D}.Debug|Any CPU.ActiveCfg = Debug|Win32
		{BCB20A74-C104-410E-AC50-1347F933214D}.Debug|Win32.ActiveCfg = Debug|Win32
		{BCB20A74-C104-410E-AC50-1347F933214D}.Debug|Win32.Build.0 = Debug|Win32
		{BCB20A74-C104-410E-AC50-1347F933214D}.Inter|Any CPU.ActiveCfg = Release|Win32
		{BCB20A74-C104-410E-AC50-1347F933214D}.Inter|Any CPU.Build.0 = Release|Win32
		{BCB20A74-C104-410E-AC50-1347F933214D}.Inter|Win32.ActiveCfg = Release|Win32
		{BCB20A74-C104-410E-AC50-1347F933214D}.Inter|Win32.Build.0 = Release|Win32
		{BCB20A74-C104-410E-AC50-1347F933214D}.Release Unicode|Any CPU.ActiveCfg = Release|Win32
		{BCB20A74-C104-410E-AC50-1347F933214D}.Release Unicode|Any CPU.Build.0 = Release|Win32
		{BCB20A74-C104-410E-AC50-1347F933214D}.Release Unicode|Win32.ActiveCfg = Release|Win32
		{BCB20A74-C104-410E-AC50-1347F933214D}.Release Unicode|Win32.Build.0 = Release|Win32
		{BCB20A74-C104-410E-AC50-1347F933214D}.Release|Any CPU.ActiveCfg = Release|Win32
		{BCB20A74-C104-410E-AC50-1347F933214D}.Release|Win32.ActiveCfg = Release|Win32
		{BCB20A74-C104-410E-AC50-1347F933214D}.Release|Win32.Build.0 = Release|Win32
		{CD68F210-A855-452B-8784-DBF3C4222137}.Debug Unicode|Any CPU.ActiveCfg = Release|Win32
		{CD68F210-A855-452B-8784-DBF3C4222137}.Debug Unicode|Any CPU.Build.0 = Release|Win32
		{CD68F210-A855-452B-8784-DBF3C4222137}.Debug Unicode|Win32.ActiveCfg = Debug|Win32
		{CD68F210-A855-452B-8784-DBF3C4222137}.Debug Unicode|Win32.Build.0 = Debug|Win32
		{CD68F210-A855-452B-8784-DBF3C4222137}.Debug|Any CPU.ActiveCfg = Debug|Win32
		{CD68F210-A855-452B-8784-DBF3C4222137}.Debug|Win32.ActiveCfg = Debug|Win32
		{CD68F210-A855-452B-8784-DBF3C4222137}.Debug|Win32.Build.0 = Debug|Win32
		{CD68F210-A855-452B-8784-DBF3C4222137}.Inter|Any CPU.ActiveCfg = Release|Win32
		{CD68F210-A855-452B-8784-DBF3C4222137}.Inter|Any CPU.Build.0 = Release|Win32
		{CD68F210-A855-452B-8784-DBF3C4222137}.Inter|Win32.ActiveCfg = Release|Win32
		{CD68F210-A855-452B-8784-DBF3C4222137}.Inter|Win32.Build.0 = Release|Win32
		{CD68F210-A855-452B-8784-DBF3C4222137}.Release Unicode|Any CPU.ActiveCfg = Release|Win32
		{CD68F210-A855-452B-8784-DBF3C4222137}.Release Unicode|Any CPU.Build.0 = Release|Win32
		{CD68F210-A855-452B-8784-DBF3C4222137}.Release Unicode|Win32.ActiveCfg = Release|Win32
		{CD68F210-A855-452B-8784-DBF3C4222137}.Release Unicode|Win32.Build.0 = Release|Win32
		{CD68F210-A855-452B-8784-DBF3C4222137}.Release|Any CPU.ActiveCfg = Release|Win32
		{CD68F210-A855-452B-8784-DBF3C4222137}.Release|Win32.ActiveCfg = Release|Win32
		{CD68F210-A855-452B-8784-DBF3C4222137}.Release|Win32.Build.0 = Release|Win32
		{650D0436-62C6-4957-BC5F-C3AC9D08ABA8}.Debug Unicode|Any CPU.ActiveCfg = Release|Win32
		{650D0436-62C6-4957-BC5F-C3AC9D08ABA8}.Debug Unicode|Any CPU.Build.0 = Release|Win32
		{650D0436-62C6-4957-BC5F-C3AC9D08ABA8}.Debug Unicode|Win32.ActiveCfg = Debug|Win32
		{650D0436-62C6-4957-BC5F-C3AC9D08ABA8}.Debug Unicode|Win32.Build.0 = Debug|Win32
		{650D0436-62C6-4957-BC5F-C3AC9D08ABA8}.Debug|Any CPU.ActiveCfg = Debug|Win32
		{650D0436-62C6-4957-BC5F-C3AC9D08ABA8}.Debug|Win32.ActiveCfg = Debug|Win32
		{650D0436-62C6-4957-BC5F-C3AC9D08ABA8}.Debug|Win32.Build.0 = Debug|Win32
		{650D0436-62C6-4957-BC5F-C3AC9D08ABA8}.Inter|Any CPU.ActiveCfg = Release|Win32
		{650D0436-62C6-4957-BC5F-C3AC9D08ABA8}.Inter|Any CPU.Build.0 = Release|Win32
		{650D0436-62C6-4957-BC5F-C3AC9D08ABA8}.Inter|Win32.ActiveCfg = Debug|Win32
		{650D0436-62C6-4957-BC5F-C3AC9D08ABA8}.Inter|Win32.Build.0 = Debug|Win32
		{650D0436-62C6-4957-BC5F-C3AC9D08ABA8}.Release Unicode|Any CPU.ActiveCfg = Release|Win32
		{650D0436-62C6-4957-BC5F-C3AC9D08ABA8}.Release Unicode|Any CPU.Build.0 = Release|Win32
		{650D0436-62C6-4957-BC5F-C3AC9D08ABA8}.Release Unicode|Win32.ActiveCfg = Release|Win32
		{650D0436-62C6-4957-BC5F-C3AC9D08ABA8}.Release Unicode|Win32.Build.0 = Release|Win32
		{650D0436-62C6-4957-BC5F-C3AC9D08ABA8}.Release|Any CPU.ActiveCfg = Release|Win32
		{650D0436-62C6-4957-BC5F-C3AC9D08ABA8}.Release|Win32.ActiveCfg = Release|Win32
		{650D0436-62C6-4957-BC5F-C3AC9D08ABA8}.Release|Win32.Build.0 = Release|Win32
		{1916D38E-0D4A-41D0-893B-F5481BEFAEF2}.Debug Unicode|Any CPU.ActiveCfg = Release|Win32
		{1916D38E-0D4A-41D0-893B-F5481BEFAEF2}.Debug Unicode|Any CPU.Build.0 = Release|Win32
		{1916D38E-0D4A-41D0-893B-F5481BEFAEF2}.Debug Unicode|Win32.ActiveCfg = Debug|Win32
		{1916D38E-0D4A-41D0-893B-F5481BEFAEF2}.Debug Unicode|Win32.Build.0 = Debug|Win32
		{1916D38E-0D4A-41D0-893B-F5481BEFAEF2}.Debug|Any CPU.ActiveCfg = Debug|Win32
		{1916D38E-0D4A-41D0-893B-F5481BEFAEF2}.Debug|Win32.ActiveCfg = Debug|Win32
		{1916D38E-0D4A-41D0-893B-F5481BEFAEF2}.Debug|Win32.Build.0 = Debug|Win32
		{1916D38E-0D4A-41D0-893B-F5481BEFAEF2}.Inter|Any CPU.ActiveCfg = Release|Win32
		{1916D38E-0D4A-41D0-893B-F5481BEFAEF2}.Inter|Any CPU.Build.0 = Release|Win32
		{1916D38E-0D4A-41D0-893B-F5481BEFAEF2}.Inter|Win32.ActiveCfg = Debug|Win32
		{1916D38E-0D4A-41D0-893B-F5481BEFAEF2}.Inter|Win32.Build.0 = Debug|Win32
		{1916D38E-0D4A-41D0-893B-F5481BEFAEF2}.Release Unicode|Any CPU.ActiveCfg = Release|Win32
		{1916D38E-0D4A-41D0-893B-F5481BEFAEF2}.Release Unicode|Any CPU.Build.0 = Release|Win32
		{1916D38E-0D4A-41D0-893B-F5481BEFAEF2}.Release Unicode|Win32.ActiveCfg = Release|Win32
		{1916D38E-0D4A-41D0-893B-F5481BEFAEF2}.Release Unicode|Win32.Build.0 = Release|Win32
		{1916D38E-0D4A-41D0-893B-F5481BEFAEF2}.Release|Any CPU.ActiveCfg = Release|Win32
		{1916D38E-0D4A-41D0-893B-F5481BEFAEF2}.Release|Win32.ActiveCfg = Release|Win32
		{1916D38E-0D4A-41D0-893B-F5481BEFAEF2}.Release|Win32.Build.0 = Release|Win32
		{31829089-3E4F-42A9-B373-DD0B62FBA54C}.Debug Unicode|Any CPU.ActiveCfg = Release|Win32
		{31829089-3E4F-42A9-B373-DD0B62FBA54C}.Debug Unicode|Any CPU.Build.0 = Release|Win32
		{31829089-3E4F-42A9-B373-DD0B62FBA54C}.Debug Unicode|Win32.ActiveCfg = Debug|Win32
		{31829089-3E4F-42A9-B373-DD0B62FBA54C}.Debug Unicode|Win32.Build.0 = Debug|Win32
		{31829089-3E4F-42A9-B373-DD0B62FBA54C}.Debug|Any CPU.ActiveCfg = Debug|Win32
		{31829089-3E4F-42A9-B373-DD0B62FBA54C}.Debug|Win32.ActiveCfg = Debug|Win32
		{31829089-3E4F-42A9-B373-DD0B62FBA54C}.Debug|Win32.Build.0 = Debug|Win32
		{31829089-3E4F-42A9-B373-DD0B62FBA54C}.Inter|Any CPU.ActiveCfg = Release|Win32
		{31829089-3E4F-42A9-B373-DD0B62FBA54C}.Inter|Any CPU.Build.0 = Release|Win32
		{31829089-3E4F-42A9-B373-DD0B62FBA54C}.Inter|Win32.ActiveCfg = Release|Win32
		{31829089-3E4F-42A9-B373-DD0B62FBA54C}.Inter|Win32.Build.0 = Release|Win32
		{31829089-3E4F-42A9-B373-DD0B62FBA54C}.Release Unicode|Any CPU.ActiveCfg = Release|Win32
		{31829089-3E4F-42A9-B373-DD0B62FBA54C}.Release Unicode|Any CPU.Build.0 = Release|Win32
		{31829089-3E4F-42A9-B373-DD0B62FBA54C}.Release Unicode|Win32.ActiveCfg = Release|Win32
		{31829089-3E4F-42A9-B373-DD0B62FBA54C}.Release Unicode|Win32.Build.0 = Release|Win32
		{31829089-3E4F-42A9-B373-DD0B62FBA54C}.Release|Any CPU.ActiveCfg = Release|Win32
		{31829089-3E4F-42A9-B373-DD0B62FBA54C}.Release|Win32.ActiveCfg = Release|Win32
		{31829089-3E4F-42A9-B373-DD0B62FBA54C}.Release|Win32.Build.0 = Release|Win32
		{EEA78623-90CE-4C23-9825-9427D3DA0382}.Debug Unicode|Any CPU.ActiveCfg = Release|Win32
		{EEA78623-90CE-4C23-9825-9427D3DA0382}.Debug Unicode|Any CPU.Build.0 = Release|Win32
		{EEA78623-90CE-4C23-9825-9427D3DA0382}.Debug Unicode|Win32.ActiveCfg = Debug|Win32
		{EEA78623-90CE-4C23-9825-9427D3DA0382}.Debug Unicode|Win32.Build.0 = Debug|Win32
		{EEA78623-90CE-4C23-9825-9427D3DA0382}.Debug|Any CPU.ActiveCfg = Debug|Win32
		{EEA78623-90CE-4C23-9825-9427D3DA0382}.Debug|Win32.ActiveCfg = Debug|Win32
		{EEA78623-90CE-4C23-9825-9427D3DA0382}.Debug|Win32.Build.0 = Debug|Win32
		{EEA78623-90CE-4C23-9825-9427D3DA0382}.Inter|Any CPU.ActiveCfg = Release|Win32
		{EEA78623-90CE-4C23-9825-9427D3DA0382}.Inter|Any CPU.Build.0 = Release|Win32
		{EEA78623-90CE-4C23-9825-9427D3DA0382}.Inter|Win32.ActiveCfg = Release|Win32
		{EEA78623-90CE-4C23-9825-9427D3DA0382}.Inter|Win32.Build.0 = Release|Win32
		{EEA78623-90CE-4C23-9825-9427D3DA0382}.Release Unicode|Any CPU.ActiveCfg = Release|Win32
		{EEA78623-90CE-4C23-9825-9427D3DA0382}.Release Unicode|Any CPU.Build.0 = Release|Win32
		{EEA78623-90CE-4C23-9825-9427D3DA0382}.Release Unicode|Win32.ActiveCfg = Release|Win32
		{EEA78623-90CE-4C23-9825-9427D3DA0382}.Release Unicode|Win32.Build.0 = Release|Win32
		{EEA78623-90CE-4C23-9825-9427D3DA0382}.Release|Any CPU.ActiveCfg = Release|Win32
		{EEA78623-90CE-4C23-9825-9427D3DA0382}.Release|Win32.ActiveCfg = Release|Win32
		{EEA78623-90CE-4C23-9825-9427D3DA0382}.Release|Win32.Build.0 = Release|Win32
		{7DD48152-F9B6-47B6-BD52-57A6FC515F33}.Debug Unicode|Any CPU.ActiveCfg = Release|Win32
		{7DD48152-F9B6-47B6-BD52-57A6FC515F33}.Debug Unicode|Any CPU.Build.0 = Release|Win32
		{7DD48152-F9B6-47B6-BD52-57A6FC515F33}.Debug Unicode|Win32.ActiveCfg = Debug|Win32
		{7DD48152-F9B6-47B6-BD52-57A6FC515F33}.Debug Unicode|Win32.Build.0 = Debug|Win32
		{7DD48152-F9B6-47B6-BD52-57A6FC515F33}.Debug|Any CPU.ActiveCfg = Debug|Win32
		{7DD48152-F9B6-47B6-BD52-57A6FC515F33}.Debug|Win32.ActiveCfg = Debug|Win32
		{7DD48152-F9B6-47B6-BD52-57A6FC515F33}.Debug|Win32.Build.0 = Debug|Win32
		{7DD48152-F9B6-47B6-BD52-57A6FC515F33}.Inter|Any CPU.ActiveCfg = Release|Win32
		{7DD48152-F9B6-47B6-BD52-57A6FC515F33}.Inter|Any CPU.Build.0 = Release|Win32
		{7DD48152-F9B6-47B6-BD52-57A6FC515F33}.Inter|Win32.ActiveCfg = Debug|Win32
		{7DD48152-F9B6-47B6-BD52-57A6FC515F33}.Inter|Win32.Build.0 = Debug|Win32
		{7DD48152-F9B6-47B6-BD52-57A6FC515F33}.Release Unicode|Any CPU.ActiveCfg = Release|Win32
		{7DD48152-F9B6-47B6-BD52-57A6FC515F33}.Release Unicode|Any CPU.Build.0 = Release|Win32
		{7DD48152-F9B6-47B6-BD52-57A6FC515F33}.Release Unicode|Win32.ActiveCfg = Release|Win32
		{7DD48152-F9B6-47B6-BD52-57A6FC515F33}.Release Unicode|Win32.Build.0 = Release|Win32
		{7DD48152-F9B6-47B6-BD52-57A6FC515F33}.Release|Any CPU.ActiveCfg = Release|Win32
		{7DD48152-F9B6-47B6-BD52-57A6FC515F33}.Release|Win32.ActiveCfg = Release|Win32
		{7DD48152-F9B6-47B6-BD52-57A6FC515F33}.Release|Win32.Build.0 = Release|Win32
		{3949F0E0-41F6-4B1C-9D4D-027D40CC5DF0}.Debug Unicode|Any CPU.ActiveCfg = Release|Win32
		{3949F0E0-41F6-4B1C-9D4D-027D40CC5DF0}.Debug Unicode|Any CPU.Build.0 = Release|Win32
		{3949F0E0-41F6-4B1C-9D4D-027D40CC5DF0}.Debug Unicode|Win32.ActiveCfg = Debug|Win32
		{3949F0E0-41F6-4B1C-9D4D-027D40CC5DF0}.Debug Unicode|Win32.Build.0 = Debug|Win32
		{3949F0E0-41F6-4B1C-9D4D-027D40CC5DF0}.Debug|Any CPU.ActiveCfg = Debug|Win32
		{3949F0E0-41F6-4B1C-9D4D-027D40CC5DF0}.Debug|Win32.ActiveCfg = Debug|Win32
		{3949F0E0-41F6-4B1C-9D4D-027D40CC5DF0}.Debug|Win32.Build.0 = Debug|Win32
		{3949F0E0-41F6-4B1C-9D4D-027D40CC5DF0}.Inter|Any CPU.ActiveCfg = Release|Win32
		{3949F0E0-41F6-4B1C-9D4D-027D40CC5DF0}.Inter|Any CPU.Build.0 = Release|Win32
		{3949F0E0-41F6-4B1C-9D4D-027D40CC5DF0}.Inter|Win32.ActiveCfg = Debug|Win32
		{3949F0E0-41F6-4B1C-9D4D-027D40CC5DF0}.Inter|Win32.Build.0 = Debug|Win32
		{3949F0E0-41F6-4B1C-9D4D-027D40CC5DF0}.Release Unicode|Any CPU.ActiveCfg = Release|Win32
		{3949F0E0-41F6-4B1C-9D4D-027D40CC5DF0}.Release Unicode|Any CPU.Build.0 = Release|Win32
		{3949F0E0-41F6-4B1C-9D4D-027D40CC5DF0}.Release Unicode|Win32.ActiveCfg = Release|Win32
		{3949F0E0-41F6-4B1C-9D4D-027D40CC5DF0}.Release Unicode|Win32.Build.0 = Release|Win32
		{3949F0E0-41F6-4B1C-9D4D-027D40CC5DF0}.Release|Any CPU.ActiveCfg = Release|Win32
		{3949F0E0-41F6-4B1C-9D4D-027D40CC5DF0}.Release|Win32.ActiveCfg = Release|Win32
		{3949F0E0-41F6-4B1C-9D4D-027D40CC5DF0}.Release|Win32.Build.0 = Release|Win32
		{33238318-C513-4C42-8E01-804FF1B08D1D}.Debug Unicode|Any CPU.ActiveCfg = Release|Win32
		{33238318-C513-4C42-8E01-804FF1B08D1D}.Debug Unicode|Any CPU.Build.0 = Release|Win32
		{33238318-C513-4C42-8E01-804FF1B08D1D}.Debug Unicode|Win32.ActiveCfg = Debug|Win32
		{33238318-C513-4C42-8E01-804FF1B08D1D}.Debug Unicode|Win32.Build.0 = Debug|Win32
		{33238318-C513-4C42-8E01-804FF1B08D1D}.Debug|Any CPU.ActiveCfg = Debug|Win32
		{33238318-C513-4C42-8E01-804FF1B08D1D}.Debug|Win32.ActiveCfg = Debug|Win32
		{33238318-C513-4C42-8E01-804FF1B08D1D}.Debug|Win32.Build.0 = Debug|Win32
		{33238318-C513-4C42-8E01-804FF1B08D1D}.Inter|Any CPU.ActiveCfg = Release|Win32
		{33238318-C513-4C42-8E01-804FF1B08D1D}.Inter|Any CPU.Build.0 = Release|Win32
		{33238318-C513-4C42-8E01-804FF1B08D1D}.Inter|Win32.ActiveCfg = Release|Win32
		{33238318-C513-4C42-8E01-804FF1B08D1D}.Inter|Win32.Build.0 = Release|Win32
		{33238318-C513-4C42-8E01-804FF1B08D1D}.Release Unicode|Any CPU.ActiveCfg = Release|Win32
		{33238318-C513-4C42-8E01-804FF1B08D1D}.Release Unicode|Any CPU.Build.0 = Release|Win32
		{33238318-C513-4C42-8E01-804FF1B08D1D}.Release Unicode|Win32.ActiveCfg = Release|Win32
		{33238318-C513-4C42-8E01-804FF1B08D1D}.Release Unicode|Win32.Build.0 = Release|Win32
		{33238318-C513-4C42-8E01-804FF1B08D1D}.Release|Any CPU.ActiveCfg = Release|Win32
		{33238318-C513-4C42-8E01-804FF1B08D1D}.Release|Win32.ActiveCfg = Release|Win32
		{33238318-C513-4C42-8E01-804FF1B08D1D}.Release|Win32.Build.0 = Release|Win32
		{3486D05A-4531-4052-81F7-D4BCE9921F30}.Debug Unicode|Any CPU.ActiveCfg = Release|Win32
		{3486D05A-4531-4052-81F7-D4BCE9921F30}.Debug Unicode|Any CPU.Build.0 = Release|Win32
		{3486D05A-4531-4052-81F7-D4BCE9921F30}.Debug Unicode|Win32.ActiveCfg = Debug|Win32
		{3486D05A-4531-4052-81F7-D4BCE9921F30}.Debug Unicode|Win32.Build.0 = Debug|Win32
		{3486D05A-4531-4052-81F7-D4BCE9921F30}.Debug|Any CPU.ActiveCfg = Debug|Win32
		{3486D05A-4531-4052-81F7-D4BCE9921F30}.Debug|Win32.ActiveCfg = Debug|Win32
		{3486D05A-4531-4052-81F7-D4BCE9921F30}.Debug|Win32.Build.0 = Debug|Win32
		{3486D05A-4531-4052-81F7-D4BCE9921F30}.Inter|Any CPU.ActiveCfg = Release|Win32
		{3486D05A-4531-4052-81F7-D4BCE9921F30}.Inter|Any CPU.Build.0 = Release|Win32
		{3486D05A-4531-4052-81F7-D4BCE9921F30}.Inter|Win32.ActiveCfg = Release|Win32
		{3486D05A-4531-4052-81F7-D4BCE9921F30}.Inter|Win32.Build.0 = Release|Win32
		{3486D05A-4531-4052-81F7-D4BCE9921F30}.Release Unicode|Any CPU.ActiveCfg = Release|Win32
		{3486D05A-4531-4052-81F7-D4BCE9921F30}.Release Unicode|Any CPU.Build.0 = Release|Win32
		{3486D05A-4531-4052-81F7-D4BCE9921F30}.Release Unicode|Win32.ActiveCfg = Release|Win32
		{3486D05A-4531-4052-81F7-D4BCE9921F30}.Release Unicode|Win32.Build.0 = Release|Win32
		{3486D05A-4531-4052-81F7-D4BCE9921F30}.Release|Any CPU.ActiveCfg = Release|Win32
		{3486D05A-4531-4052-81F7-D4BCE9921F30}.Release|Win32.ActiveCfg = Release|Win32
		{3486D05A-4531-4052-81F7-D4BCE9921F30}.Release|Win32.Build.0 = Release|Win32
		{4058AF54-472E-4A7A-AC83-481C3E03F569}.Debug Unicode|Any CPU.ActiveCfg = Release|Win32
		{4058AF54-472E-4A7A-AC83-481C3E03F569}.Debug Unicode|Any CPU.Build.0 = Release|Win32
		{4058AF54-472E-4A7A-AC83-481C3E03F569}.Debug Unicode|Win32.ActiveCfg = Debug|Win32
		{4058AF54-472E-4A7A-AC83-481C3E03F569}.Debug Unicode|Win32.Build.0 = Debug|Win32
		{4058AF54-472E-4A7A-AC83-481C3E03F569}.Debug|Any CPU.ActiveCfg = Debug|Win32
		{4058AF54-472E-4A7A-AC83-481C3E03F569}.Debug|Win32.ActiveCfg = Debug|Win32
		{4058AF54-472E-4A7A-AC83-481C3E03F569}.Debug|Win32.Build.0 = Debug|Win32
		{4058AF54-472E-4A7A-AC83-481C3E03F569}.Inter|Any CPU.ActiveCfg = Release|Win32
		{4058AF54-472E-4A7A-AC83-481C3E03F569}.Inter|Any CPU.Build.0 = Release|Win32
		{4058AF54-472E-4A7A-AC83-481C3E03F569}.Inter|Win32.ActiveCfg = Release|Win32
		{4058AF54-472E-4A7A-AC83-481C3E03F569}.Inter|Win32.Build.0 = Release|Win32
		{4058AF54-472E-4A7A-AC83-481C3E03F569}.Release Unicode|Any CPU.ActiveCfg = Release|Win32
		{4058AF54-472E-4A7A-AC83-481C3E03F569}.Release Unicode|Any CPU.Build.0 = Release|Win32
		{4058AF54-472E-4A7A-AC83-481C3E03F569}.Release Unicode|Win32.ActiveCfg = Release|Win32
		{4058AF54-472E-4A7A-AC83-481C3E03F569}.Release Unicode|Win32.Build.0 = Release|Win32
		{4058AF54-472E-4A7A-AC83-481C3E03F569}.Release|Any CPU.ActiveCfg = Release|Win32
		{4058AF54-472E-4A7A-AC83-481C3E03F569}.Release|Win32.ActiveCfg = Release|Win32
		{4058AF54-472E-4A7A-AC83-481C3E03F569}.Release|Win32.Build.0 = Release|Win32
		{C85D2F48-4CF6-4284-8B5A-346208A5B6BD}.Debug Unicode|Any CPU.ActiveCfg = Debug Unicode|Win32
		{C85D2F48-4CF6-4284-8B5A-346208A5B6BD}.Debug Unicode|Win32.ActiveCfg = Debug Unicode|Win32
		{C85D2F48-4CF6-4284-8B5A-346208A5B6BD}.Debug Unicode|Win32.Build.0 = Debug Unicode|Win32
		{C85D2F48-4CF6-4284-8B5A-346208A5B6BD}.Debug|Any CPU.ActiveCfg = Debug|Win32
		{C85D2F48-4CF6-4284-8B5A-346208A5B6BD}.Debug|Win32.ActiveCfg = Debug|Win32
		{C85D2F48-4CF6-4284-8B5A-346208A5B6BD}.Debug|Win32.Build.0 = Debug|Win32
		{C85D2F48-4CF6-4284-8B5A-346208A5B6BD}.Inter|Any CPU.ActiveCfg = Release|Win32
		{C85D2F48-4CF6-4284-8B5A-346208A5B6BD}.Inter|Any CPU.Build.0 = Release|Win32
		{C85D2F48-4CF6-4284-8B5A-346208A5B6BD}.Inter|Win32.ActiveCfg = Release Unicode|Win32
		{C85D2F48-4CF6-4284-8B5A-346208A5B6BD}.Inter|Win32.Build.0 = Release Unicode|Win32
		{C85D2F48-4CF6-4284-8B5A-346208A5B6BD}.Release Unicode|Any CPU.ActiveCfg = Release Unicode|Win32
		{C85D2F48-4CF6-4284-8B5A-346208A5B6BD}.Release Unicode|Win32.ActiveCfg = Release Unicode|Win32
		{C85D2F48-4CF6-4284-8B5A-346208A5B6BD}.Release Unicode|Win32.Build.0 = Release Unicode|Win32
		{C85D2F48-4CF6-4284-8B5A-346208A5B6BD}.Release|Any CPU.ActiveCfg = Release|Win32
		{C85D2F48-4CF6-4284-8B5A-346208A5B6BD}.Release|Win32.ActiveCfg = Release|Win32
		{C85D2F48-4CF6-4284-8B5A-346208A5B6BD}.Release|Win32.Build.0 = Release|Win32
		{297AEA20-94A0-4725-A98E-EFC9C299F8C4}.Debug Unicode|Any CPU.ActiveCfg = Debug|Any CPU
		{297AEA20-94A0-4725-A98E-EFC9C299F8C4}.Debug Unicode|Win32.ActiveCfg = Debug|Any CPU
		{297AEA20-94A0-4725-A98E-EFC9C299F8C4}.Debug|Any CPU.ActiveCfg = Debug|Any CPU
		{297AEA20-94A0-4725-A98E-EFC9C299F8C4}.Debug|Win32.ActiveCfg = Debug|Any CPU
		{297AEA20-94A0-4725-A98E-EFC9C299F8C4}.Inter|Any CPU.ActiveCfg = Release|Any CPU
		{297AEA20-94A0-4725-A98E-EFC9C299F8C4}.Inter|Win32.ActiveCfg = Release|Any CPU
		{297AEA20-94A0-4725-A98E-EFC9C299F8C4}.Release Unicode|Any CPU.ActiveCfg = Release|Any CPU
		{297AEA20-94A0-4725-A98E-EFC9C299F8C4}.Release Unicode|Win32.ActiveCfg = Release|Any CPU
		{297AEA20-94A0-4725-A98E-EFC9C299F8C4}.Release|Any CPU.ActiveCfg = Release|Any CPU
		{297AEA20-94A0-4725-A98E-EFC9C299F8C4}.Release|Win32.ActiveCfg = Release|Any CPU
	EndGlobalSection
	GlobalSection(SolutionProperties) = preSolution
		HideSolutionNode = FALSE
	EndGlobalSection
	GlobalSection(ExtensibilityGlobals) = postSolution
		SolutionGuid = {65FF111D-62F3-42C8-B63A-CBA6B939A6F1}
	EndGlobalSection
EndGlobal
