<?xml version="1.0" encoding="utf-8"?>
<Project ToolsVersion="4.0" xmlns="http://schemas.microsoft.com/developer/msbuild/2003">
  <ItemGroup>
    <Filter Include="Source Files">
      <UniqueIdentifier>{b970c37a-a808-4148-ae57-911b8759b8b5}</UniqueIdentifier>
      <Extensions>cpp;c;cxx;def;r;odl;bat;for;f90</Extensions>
    </Filter>
    <Filter Include="Header Files">
      <UniqueIdentifier>{8733e16d-7663-40d6-ae1b-229e52a761c7}</UniqueIdentifier>
      <Extensions>h;hpp;hxx;hm;inl;fi;fd</Extensions>
    </Filter>
    <Filter Include="Resource Files">
      <UniqueIdentifier>{748cd7ed-a335-4fe5-b569-6acc8aff42e9}</UniqueIdentifier>
      <Extensions>ico;cur;bmp;dlg;rc2;rct;bin;cnt;gif;jpg;jpeg;jpe</Extensions>
    </Filter>
    <Filter Include="Source Sys Files">
      <UniqueIdentifier>{f3b27225-a503-4864-8233-96d011cce219}</UniqueIdentifier>
    </Filter>
    <Filter Include="Other Files">
      <UniqueIdentifier>{9b0f1b8f-065f-4e81-9526-d0f2f58162ac}</UniqueIdentifier>
      <Extensions>rc;hpj;rtf</Extensions>
    </Filter>
  </ItemGroup>
  <ItemGroup>
    <ClCompile Include="AppAsm1.cpp">
      <Filter>Source Files</Filter>
    </ClCompile>
    <ClCompile Include="AppAsm2.cpp">
      <Filter>Source Files</Filter>
    </ClCompile>
    <ClCompile Include="AppAsm3.cpp">
      <Filter>Source Files</Filter>
    </ClCompile>
    <ClCompile Include="BtnStyle.cpp">
      <Filter>Source Files</Filter>
    </ClCompile>
    <ClCompile Include="Check.cpp">
      <Filter>Source Files</Filter>
    </ClCompile>
    <ClCompile Include="CmbMch.cpp">
      <Filter>Source Files</Filter>
    </ClCompile>
    <ClCompile Include="CmbWkc.cpp">
      <Filter>Source Files</Filter>
    </ClCompile>
    <ClCompile Include="DataUnits.cpp">
      <Filter>Source Files</Filter>
    </ClCompile>
    <ClCompile Include="Dlg3Button.cpp">
      <Filter>Source Files</Filter>
    </ClCompile>
    <ClCompile Include="DlgA.cpp">
      <Filter>Source Files</Filter>
    </ClCompile>
    <ClCompile Include="DlgAbout.cpp">
      <Filter>Source Files</Filter>
    </ClCompile>
    <ClCompile Include="DlgAddJob.cpp">
      <Filter>Source Files</Filter>
    </ClCompile>
    <ClCompile Include="DlgAddMch.cpp">
      <Filter>Source Files</Filter>
    </ClCompile>
    <ClCompile Include="DlgAddOper.cpp">
      <Filter>Source Files</Filter>
    </ClCompile>
    <ClCompile Include="DlgAddWkc.cpp">
      <Filter>Source Files</Filter>
    </ClCompile>
    <ClCompile Include="DlgConfirm.cpp">
      <Filter>Source Files</Filter>
    </ClCompile>
    <ClCompile Include="DlgFlowRoute.cpp">
      <Filter>Source Files</Filter>
    </ClCompile>
    <ClCompile Include="DlgInit.cpp">
      <Filter>Source Files</Filter>
    </ClCompile>
    <ClCompile Include="DlgInvalidate.cpp">
      <Filter>Source Files</Filter>
    </ClCompile>
    <ClCompile Include="DlgJob.cpp">
      <Filter>Source Files</Filter>
    </ClCompile>
    <ClCompile Include="DlgLoadRoute.cpp">
      <Filter>Source Files</Filter>
    </ClCompile>
    <ClCompile Include="DlgLoadRS.cpp">
      <Filter>Source Files</Filter>
    </ClCompile>
    <ClCompile Include="DlgLoadSetup.cpp">
      <Filter>Source Files</Filter>
    </ClCompile>
    <ClCompile Include="DlgManual.cpp">
      <Filter>Source Files</Filter>
    </ClCompile>
    <ClCompile Include="DlgMenu.cpp">
      <Filter>Source Files</Filter>
    </ClCompile>
    <ClCompile Include="DlgObj1.cpp">
      <Filter>Source Files</Filter>
    </ClCompile>
    <ClCompile Include="DlgObj2.cpp">
      <Filter>Source Files</Filter>
    </ClCompile>
    <ClCompile Include="DlgOppy.cpp">
      <Filter>Source Files</Filter>
    </ClCompile>
    <ClCompile Include="DlgOptions.cpp">
      <Filter>Source Files</Filter>
    </ClCompile>
    <ClCompile Include="DlgParameter.cpp">
      <Filter>Source Files</Filter>
    </ClCompile>
    <ClCompile Include="DlgPerform.cpp">
      <Filter>Source Files</Filter>
    </ClCompile>
    <ClCompile Include="DlgPlugin.cpp">
      <Filter>Source Files</Filter>
    </ClCompile>
    <ClCompile Include="DlgPluginMan.cpp">
      <Filter>Source Files</Filter>
    </ClCompile>
    <ClCompile Include="DlgPrintGantt.cpp">
      <Filter>Source Files</Filter>
    </ClCompile>
    <ClCompile Include="DlgPrintMan.cpp">
      <Filter>Source Files</Filter>
    </ClCompile>
    <ClCompile Include="DlgRoute.cpp">
      <Filter>Source Files</Filter>
    </ClCompile>
    <ClCompile Include="DlgRunAlg.cpp">
      <Filter>Source Files</Filter>
    </ClCompile>
    <ClCompile Include="DlgRunComp.cpp">
      <Filter>Source Files</Filter>
    </ClCompile>
    <ClCompile Include="DlgRunCon.cpp">
      <Filter>Source Files</Filter>
    </ClCompile>
    <ClCompile Include="DlgRunning.cpp">
      <Filter>Source Files</Filter>
    </ClCompile>
    <ClCompile Include="DlgRunWin.cpp">
      <Filter>Source Files</Filter>
    </ClCompile>
    <ClCompile Include="DlgSetup.cpp">
      <Filter>Source Files</Filter>
    </ClCompile>
    <ClCompile Include="DlgStyle.cpp">
      <Filter>Source Files</Filter>
    </ClCompile>
    <ClCompile Include="DlgTitle.cpp">
      <Filter>Source Files</Filter>
    </ClCompile>
    <ClCompile Include="DlgWorkspace.cpp">
      <Filter>Source Files</Filter>
    </ClCompile>
    <ClCompile Include="DocGantt.cpp">
      <Filter>Source Files</Filter>
    </ClCompile>
    <ClCompile Include="DocJob.cpp">
      <Filter>Source Files</Filter>
    </ClCompile>
    <ClCompile Include="DocLog.cpp">
      <Filter>Source Files</Filter>
    </ClCompile>
    <ClCompile Include="DocMch.cpp">
      <Filter>Source Files</Filter>
    </ClCompile>
    <ClCompile Include="DocObj.cpp">
      <Filter>Source Files</Filter>
    </ClCompile>
    <ClCompile Include="DocSeq.cpp">
      <Filter>Source Files</Filter>
    </ClCompile>
    <ClCompile Include="DocSmart.cpp">
      <Filter>Source Files</Filter>
    </ClCompile>
    <ClCompile Include="DocTmpAlg.cpp">
      <Filter>Source Files</Filter>
    </ClCompile>
    <ClCompile Include="DocTmpSmart.cpp">
      <Filter>Source Files</Filter>
    </ClCompile>
    <ClCompile Include="Draws.cpp">
      <Filter>Source Files</Filter>
    </ClCompile>
    <ClCompile Include="FrmMain.cpp">
      <Filter>Source Files</Filter>
    </ClCompile>
    <ClCompile Include="FrmSmart.cpp">
      <Filter>Source Files</Filter>
    </ClCompile>
    <ClCompile Include="Globals.cpp">
      <Filter>Source Files</Filter>
    </ClCompile>
    <ClCompile Include="ID.cpp">
      <Filter>Source Files</Filter>
    </ClCompile>
    <ClCompile Include="Job.cpp">
      <Filter>Source Files</Filter>
    </ClCompile>
    <ClCompile Include="LstLoadRoute.cpp">
      <Filter>Source Files</Filter>
    </ClCompile>
    <ClCompile Include="LstSeq.cpp">
      <Filter>Source Files</Filter>
    </ClCompile>
    <ClCompile Include="LstWkc.cpp">
      <Filter>Source Files</Filter>
    </ClCompile>
    <ClCompile Include="Machine.cpp">
      <Filter>Source Files</Filter>
    </ClCompile>
    <ClCompile Include="MarginGantt.cpp">
      <Filter>Source Files</Filter>
    </ClCompile>
    <ClCompile Include="Operation.cpp">
      <Filter>Source Files</Filter>
    </ClCompile>
    <ClCompile Include="Plugin.cpp">
      <Filter>Source Files</Filter>
    </ClCompile>
    <ClCompile Include="RelStat.cpp">
      <Filter>Source Files</Filter>
    </ClCompile>
    <ClCompile Include="Route.cpp">
      <Filter>Source Files</Filter>
    </ClCompile>
    <ClCompile Include="Schedule.cpp">
      <Filter>Source Files</Filter>
    </ClCompile>
    <ClCompile Include="Sequence.cpp">
      <Filter>Source Files</Filter>
    </ClCompile>
    <ClCompile Include="Setup.cpp">
      <Filter>Source Files</Filter>
    </ClCompile>
    <ClCompile Include="StdAfx.cpp">
      <Filter>Source Files</Filter>
    </ClCompile>
    <ClCompile Include="TokenSet.cpp">
      <Filter>Source Files</Filter>
    </ClCompile>
    <ClCompile Include="TreePlug.cpp">
      <Filter>Source Files</Filter>
    </ClCompile>
    <ClCompile Include="ViewGantt.cpp">
      <Filter>Source Files</Filter>
    </ClCompile>
    <ClCompile Include="ViewJob.cpp">
      <Filter>Source Files</Filter>
    </ClCompile>
    <ClCompile Include="ViewLog.cpp">
      <Filter>Source Files</Filter>
    </ClCompile>
    <ClCompile Include="ViewMch.cpp">
      <Filter>Source Files</Filter>
    </ClCompile>
    <ClCompile Include="ViewObj.cpp">
      <Filter>Source Files</Filter>
    </ClCompile>
    <ClCompile Include="ViewSeq.cpp">
      <Filter>Source Files</Filter>
    </ClCompile>
    <ClCompile Include="ViewSmart.cpp">
      <Filter>Source Files</Filter>
    </ClCompile>
    <ClCompile Include="ViewTree.cpp">
      <Filter>Source Files</Filter>
    </ClCompile>
    <ClCompile Include="Workcenter.cpp">
      <Filter>Source Files</Filter>
    </ClCompile>
    <ClCompile Include="Workspace.cpp">
      <Filter>Source Files</Filter>
    </ClCompile>
    <ClCompile Include="..\Basic.cpp">
      <Filter>Source Sys Files</Filter>
    </ClCompile>
    <ClCompile Include="..\ControlSum.cpp">
      <Filter>Source Sys Files</Filter>
    </ClCompile>
  </ItemGroup>
  <ItemGroup>
    <ClInclude Include="AppAsm.h">
      <Filter>Header Files</Filter>
    </ClInclude>
    <ClInclude Include="..\Basic.h">
      <Filter>Header Files</Filter>
    </ClInclude>
    <ClInclude Include="BtnStyle.h">
      <Filter>Header Files</Filter>
    </ClInclude>
    <ClInclude Include="CmbMch.h">
      <Filter>Header Files</Filter>
    </ClInclude>
    <ClInclude Include="CmbWkc.h">
      <Filter>Header Files</Filter>
    </ClInclude>
    <ClInclude Include="..\ControlSum.h">
      <Filter>Header Files</Filter>
    </ClInclude>
    <ClInclude Include="DataUnits.h">
      <Filter>Header Files</Filter>
    </ClInclude>
    <ClInclude Include="Dlg3Button.h">
      <Filter>Header Files</Filter>
    </ClInclude>
    <ClInclude Include="DlgA.h">
      <Filter>Header Files</Filter>
    </ClInclude>
    <ClInclude Include="DlgAbout.h">
      <Filter>Header Files</Filter>
    </ClInclude>
    <ClInclude Include="DlgAddJob.h">
      <Filter>Header Files</Filter>
    </ClInclude>
    <ClInclude Include="DlgAddMch.h">
      <Filter>Header Files</Filter>
    </ClInclude>
    <ClInclude Include="DlgAddOper.h">
      <Filter>Header Files</Filter>
    </ClInclude>
    <ClInclude Include="DlgAddWkc.h">
      <Filter>Header Files</Filter>
    </ClInclude>
    <ClInclude Include="DlgConfirm.h">
      <Filter>Header Files</Filter>
    </ClInclude>
    <ClInclude Include="DlgFlowRoute.h">
      <Filter>Header Files</Filter>
    </ClInclude>
    <ClInclude Include="DlgInit.h">
      <Filter>Header Files</Filter>
    </ClInclude>
    <ClInclude Include="DlgInvalidate.h">
      <Filter>Header Files</Filter>
    </ClInclude>
    <ClInclude Include="DlgJob.h">
      <Filter>Header Files</Filter>
    </ClInclude>
    <ClInclude Include="DlgLoadRoute.h">
      <Filter>Header Files</Filter>
    </ClInclude>
    <ClInclude Include="DlgLoadRS.h">
      <Filter>Header Files</Filter>
    </ClInclude>
    <ClInclude Include="DlgLoadSetup.h">
      <Filter>Header Files</Filter>
    </ClInclude>
    <ClInclude Include="DlgManual.h">
      <Filter>Header Files</Filter>
    </ClInclude>
    <ClInclude Include="DlgMenu.h">
      <Filter>Header Files</Filter>
    </ClInclude>
    <ClInclude Include="DlgObj1.h">
      <Filter>Header Files</Filter>
    </ClInclude>
    <ClInclude Include="DlgObj2.h">
      <Filter>Header Files</Filter>
    </ClInclude>
    <ClInclude Include="DlgOppy.h">
      <Filter>Header Files</Filter>
    </ClInclude>
    <ClInclude Include="DlgOptions.h">
      <Filter>Header Files</Filter>
    </ClInclude>
    <ClInclude Include="DlgParameter.h">
      <Filter>Header Files</Filter>
    </ClInclude>
    <ClInclude Include="DlgPerform.h">
      <Filter>Header Files</Filter>
    </ClInclude>
    <ClInclude Include="DlgPlugin.h">
      <Filter>Header Files</Filter>
    </ClInclude>
    <ClInclude Include="DlgPluginMan.h">
      <Filter>Header Files</Filter>
    </ClInclude>
    <ClInclude Include="DlgPrintGantt.h">
      <Filter>Header Files</Filter>
    </ClInclude>
    <ClInclude Include="DlgPrintMan.h">
      <Filter>Header Files</Filter>
    </ClInclude>
    <ClInclude Include="DlgRoute.h">
      <Filter>Header Files</Filter>
    </ClInclude>
    <ClInclude Include="DlgRunAlg.h">
      <Filter>Header Files</Filter>
    </ClInclude>
    <ClInclude Include="DlgRunComp.h">
      <Filter>Header Files</Filter>
    </ClInclude>
    <ClInclude Include="DlgRunCon.h">
      <Filter>Header Files</Filter>
    </ClInclude>
    <ClInclude Include="DlgRunning.h">
      <Filter>Header Files</Filter>
    </ClInclude>
    <ClInclude Include="DlgRunWin.h">
      <Filter>Header Files</Filter>
    </ClInclude>
    <ClInclude Include="DlgSetup.h">
      <Filter>Header Files</Filter>
    </ClInclude>
    <ClInclude Include="DlgStyle.h">
      <Filter>Header Files</Filter>
    </ClInclude>
    <ClInclude Include="DlgTitle.h">
      <Filter>Header Files</Filter>
    </ClInclude>
    <ClInclude Include="DlgWorkspace.h">
      <Filter>Header Files</Filter>
    </ClInclude>
    <ClInclude Include="DocGantt.h">
      <Filter>Header Files</Filter>
    </ClInclude>
    <ClInclude Include="DocJob.h">
      <Filter>Header Files</Filter>
    </ClInclude>
    <ClInclude Include="DocLog.h">
      <Filter>Header Files</Filter>
    </ClInclude>
    <ClInclude Include="DocMch.h">
      <Filter>Header Files</Filter>
    </ClInclude>
    <ClInclude Include="DocObj.h">
      <Filter>Header Files</Filter>
    </ClInclude>
    <ClInclude Include="DocSeq.h">
      <Filter>Header Files</Filter>
    </ClInclude>
    <ClInclude Include="DocSmart.h">
      <Filter>Header Files</Filter>
    </ClInclude>
    <ClInclude Include="DocTmpAlg.h">
      <Filter>Header Files</Filter>
    </ClInclude>
    <ClInclude Include="DocTmpSmart.h">
      <Filter>Header Files</Filter>
    </ClInclude>
    <ClInclude Include="Draws.h">
      <Filter>Header Files</Filter>
    </ClInclude>
    <ClInclude Include="FrmMain.h">
      <Filter>Header Files</Filter>
    </ClInclude>
    <ClInclude Include="FrmSmart.h">
      <Filter>Header Files</Filter>
    </ClInclude>
    <ClInclude Include="ID.h">
      <Filter>Header Files</Filter>
    </ClInclude>
    <ClInclude Include="Job.h">
      <Filter>Header Files</Filter>
    </ClInclude>
    <ClInclude Include="LstLoadRoute.h">
      <Filter>Header Files</Filter>
    </ClInclude>
    <ClInclude Include="LstSeq.h">
      <Filter>Header Files</Filter>
    </ClInclude>
    <ClInclude Include="LstWkc.h">
      <Filter>Header Files</Filter>
    </ClInclude>
    <ClInclude Include="Machine.h">
      <Filter>Header Files</Filter>
    </ClInclude>
    <ClInclude Include="MarginGantt.h">
      <Filter>Header Files</Filter>
    </ClInclude>
    <ClInclude Include="Misc.h">
      <Filter>Header Files</Filter>
    </ClInclude>
    <ClInclude Include="Operation.h">
      <Filter>Header Files</Filter>
    </ClInclude>
    <ClInclude Include="Plugin.h">
      <Filter>Header Files</Filter>
    </ClInclude>
    <ClInclude Include="RelStat.h">
      <Filter>Header Files</Filter>
    </ClInclude>
    <ClInclude Include="Resource.h">
      <Filter>Header Files</Filter>
    </ClInclude>
    <ClInclude Include="Route.h">
      <Filter>Header Files</Filter>
    </ClInclude>
    <ClInclude Include="Schedule.h">
      <Filter>Header Files</Filter>
    </ClInclude>
    <ClInclude Include="Sequence.h">
      <Filter>Header Files</Filter>
    </ClInclude>
    <ClInclude Include="Setup.h">
      <Filter>Header Files</Filter>
    </ClInclude>
    <ClInclude Include="StdAfx.h">
      <Filter>Header Files</Filter>
    </ClInclude>
    <ClInclude Include="TokenSet.h">
      <Filter>Header Files</Filter>
    </ClInclude>
    <ClInclude Include="TreePlug.h">
      <Filter>Header Files</Filter>
    </ClInclude>
    <ClInclude Include="ViewGantt.h">
      <Filter>Header Files</Filter>
    </ClInclude>
    <ClInclude Include="ViewJob.h">
      <Filter>Header Files</Filter>
    </ClInclude>
    <ClInclude Include="ViewLog.h">
      <Filter>Header Files</Filter>
    </ClInclude>
    <ClInclude Include="ViewMch.h">
      <Filter>Header Files</Filter>
    </ClInclude>
    <ClInclude Include="ViewObj.h">
      <Filter>Header Files</Filter>
    </ClInclude>
    <ClInclude Include="ViewSeq.h">
      <Filter>Header Files</Filter>
    </ClInclude>
    <ClInclude Include="ViewSmart.h">
      <Filter>Header Files</Filter>
    </ClInclude>
    <ClInclude Include="ViewTree.h">
      <Filter>Header Files</Filter>
    </ClInclude>
    <ClInclude Include="Workcenter.h">
      <Filter>Header Files</Filter>
    </ClInclude>
    <ClInclude Include="Workspace.h">
      <Filter>Header Files</Filter>
    </ClInclude>
  </ItemGroup>
  <ItemGroup>
    <Image Include="Res\AddFile.bmp">
      <Filter>Resource Files</Filter>
    </Image>
    <Image Include="Res\Alg.ico">
      <Filter>Resource Files</Filter>
    </Image>
    <Image Include="Res\Brush.bmp">
      <Filter>Resource Files</Filter>
    </Image>
    <Image Include="Res\Commit.bmp">
      <Filter>Resource Files</Filter>
    </Image>
    <Image Include="Res\Del.bmp">
      <Filter>Resource Files</Filter>
    </Image>
    <Image Include="Res\DelFile.bmp">
      <Filter>Resource Files</Filter>
    </Image>
    <Image Include="Res\Down.bmp">
      <Filter>Resource Files</Filter>
    </Image>
    <Image Include="Res\File.bmp">
      <Filter>Resource Files</Filter>
    </Image>
    <Image Include="Res\Gantt.ico">
      <Filter>Resource Files</Filter>
    </Image>
    <Image Include="Res\Intro.bmp">
      <Filter>Resource Files</Filter>
    </Image>
    <Image Include="Res\Job.ico">
      <Filter>Resource Files</Filter>
    </Image>
    <Image Include="Res\Lekin.ico">
      <Filter>Resource Files</Filter>
    </Image>
    <Image Include="Res\Log.ico">
      <Filter>Resource Files</Filter>
    </Image>
    <Image Include="Res\Mch.ico">
      <Filter>Resource Files</Filter>
    </Image>
    <Image Include="Res\MMExit.bmp">
      <Filter>Resource Files</Filter>
    </Image>
    <Image Include="Res\MMFlexFlow.bmp">
      <Filter>Resource Files</Filter>
    </Image>
    <Image Include="Res\MMFlexJob.bmp">
      <Filter>Resource Files</Filter>
    </Image>
    <Image Include="Res\MMFlow.bmp">
      <Filter>Resource Files</Filter>
    </Image>
    <Image Include="Res\MMJob.bmp">
      <Filter>Resource Files</Filter>
    </Image>
    <Image Include="Res\MMLoad.bmp">
      <Filter>Resource Files</Filter>
    </Image>
    <Image Include="Res\MMParallel.bmp">
      <Filter>Resource Files</Filter>
    </Image>
    <Image Include="Res\MMSingle.bmp">
      <Filter>Resource Files</Filter>
    </Image>
    <Image Include="Res\New.bmp">
      <Filter>Resource Files</Filter>
    </Image>
    <Image Include="Res\Obj.ico">
      <Filter>Resource Files</Filter>
    </Image>
    <Image Include="Res\Perform.ico">
      <Filter>Resource Files</Filter>
    </Image>
    <Image Include="Res\Rollback.bmp">
      <Filter>Resource Files</Filter>
    </Image>
    <Image Include="Res\Seq.ico">
      <Filter>Resource Files</Filter>
    </Image>
    <Image Include="Res\Stern.bmp">
      <Filter>Resource Files</Filter>
    </Image>
    <Image Include="Res\TBFile.bmp">
      <Filter>Resource Files</Filter>
    </Image>
    <Image Include="Res\TBGantt.bmp">
      <Filter>Resource Files</Filter>
    </Image>
    <Image Include="Res\TBJob.bmp">
      <Filter>Resource Files</Filter>
    </Image>
    <Image Include="Res\TBLog.bmp">
      <Filter>Resource Files</Filter>
    </Image>
    <Image Include="Res\TBMachine.bmp">
      <Filter>Resource Files</Filter>
    </Image>
    <Image Include="Res\TBMain.bmp">
      <Filter>Resource Files</Filter>
    </Image>
    <Image Include="Res\TBObj.bmp">
      <Filter>Resource Files</Filter>
    </Image>
    <Image Include="Res\TBSequence.bmp">
      <Filter>Resource Files</Filter>
    </Image>
    <Image Include="Res\Up.bmp">
      <Filter>Resource Files</Filter>
    </Image>
  </ItemGroup>
  <ItemGroup>
    <None Include="Res\Asm.rc2">
      <Filter>Resource Files</Filter>
    </None>
    <None Include="Res\Drag.cur">
      <Filter>Resource Files</Filter>
    </None>
    <None Include="Res\DragPlus.cur">
      <Filter>Resource Files</Filter>
    </None>
    <None Include="Res\NoDrop.cur">
      <Filter>Resource Files</Filter>
    </None>
    <None Include="Hlp\Core.rtf">
      <Filter>Other Files</Filter>
    </None>
    <None Include="Hlp\Dialogs.rtf">
      <Filter>Other Files</Filter>
    </None>
    <None Include="Hlp\HowTo.rtf">
      <Filter>Other Files</Filter>
    </None>
    <None Include="Hlp\Intro.rtf">
      <Filter>Other Files</Filter>
    </None>
    <None Include="Hlp\Prompts.rtf">
      <Filter>Other Files</Filter>
    </None>
    <None Include="Hlp\Windows.rtf">
      <Filter>Other Files</Filter>
    </None>
  </ItemGroup>
  <ItemGroup>
    <ResourceCompile Include="Asm.rc">
      <Filter>Other Files</Filter>
    </ResourceCompile>
  </ItemGroup>
  <ItemGroup>
    <CustomBuild Include="Hlp\Asm.hpj">
      <Filter>Other Files</Filter>
    </CustomBuild>
  </ItemGroup>
</Project>